Microsoft Visual Studio Solution File, Format Version 12.00
# Visual Studio 14
Project("{8BC9CEB8-8B4A-11D0-8D11-00A0C91BC942}") = "ALL_BUILD", "ALL_BUILD.vcxproj", "{19C28958-0AE1-3EF4-962F-ABA5AA1E4CA7}"
	ProjectSection(ProjectDependencies) = postProject
		{6BE3B9C0-423D-3ABC-874C-67BA5798F692} = {6BE3B9C0-423D-3ABC-874C-67BA5798F692}
		{60163BF4-5077-383F-AD77-D58A12272851} = {60163BF4-5077-383F-AD77-D58A12272851}
		{5D02BE2B-42F7-35DF-889C-3E709683405B} = {5D02BE2B-42F7-35DF-889C-3E709683405B}
		{0EF3716C-7445-3D64-A120-1DE8FE1CB33C} = {0EF3716C-7445-3D64-A120-1DE8FE1CB33C}
		{B5B0554D-A3A3-3C2F-8EB1-1FF160D028E8} = {B5B0554D-A3A3-3C2F-8EB1-1FF160D028E8}
		{43639BA1-456F-3704-8C94-7D4B0B091D77} = {43639BA1-456F-3704-8C94-7D4B0B091D77}
		{054DA2BC-B837-37A5-9AD8-8FCC2E1D6268} = {054DA2BC-B837-37A5-9AD8-8FCC2E1D6268}
		{0C0028F1-9CD5-3741-B7EF-D5CD4F646CED} = {0C0028F1-9CD5-3741-B7EF-D5CD4F646CED}
		{90BEDB00-84D5-3FEE-A23A-10507A202D7B} = {90BEDB00-84D5-3FEE-A23A-10507A202D7B}
		{D0F3A798-A8E9-3BA4-8252-F6416B2D7223} = {D0F3A798-A8E9-3BA4-8252-F6416B2D7223}
		{A53E96C8-64E1-31AE-9DF3-3CADC9086660} = {A53E96C8-64E1-31AE-9DF3-3CADC9086660}
		{75FB4FBC-1F6A-3CD2-8BE0-7D1F8AF676B8} = {75FB4FBC-1F6A-3CD2-8BE0-7D1F8AF676B8}
		{69B377BC-ADEB-34B6-A7F3-0E0FF7378583} = {69B377BC-ADEB-34B6-A7F3-0E0FF7378583}
		{4C3A4794-DAA7-3725-9A58-B406B3FC5CC8} = {4C3A4794-DAA7-3725-9A58-B406B3FC5CC8}
		{5A470C60-DDAF-3817-9442-26AF436BEA55} = {5A470C60-DDAF-3817-9442-26AF436BEA55}
		{0BC9A8F9-52F2-3E58-89CE-89B0CE3F7B06} = {0BC9A8F9-52F2-3E58-89CE-89B0CE3F7B06}
		{09B5FBAC-85E9-35B5-AE7C-A1CD167BE023} = {09B5FBAC-85E9-35B5-AE7C-A1CD167BE023}
		{90FF0B73-2F2F-332A-B6B8-2509EC750552} = {90FF0B73-2F2F-332A-B6B8-2509EC750552}
		{14DB3CF8-74F3-3B86-9B3B-3040C070F200} = {14DB3CF8-74F3-3B86-9B3B-3040C070F200}
		{ED7DF26D-D405-3268-A23F-D043C1272F3B} = {ED7DF26D-D405-3268-A23F-D043C1272F3B}
		{3C71E8BE-FBA3-36D1-AF1B-D77628124A0A} = {3C71E8BE-FBA3-36D1-AF1B-D77628124A0A}
		{DEE6AC81-FF93-3F9B-B51A-C73677F4B041} = {DEE6AC81-FF93-3F9B-B51A-C73677F4B041}
		{870C57CF-421B-3976-A7DB-3B2A8EFF054A} = {870C57CF-421B-3976-A7DB-3B2A8EFF054A}
		{165C7DF9-637F-3A35-869E-483AB4DE811F} = {165C7DF9-637F-3A35-869E-483AB4DE811F}
		{B88B7703-F21B-3472-958C-D9E797C5A3E1} = {B88B7703-F21B-3472-958C-D9E797C5A3E1}
		{25121161-8684-383E-B405-4CEB02B7FB0B} = {25121161-8684-383E-B405-4CEB02B7FB0B}
		{A6B580C3-F338-3B26-A007-D2178CBB9306} = {A6B580C3-F338-3B26-A007-D2178CBB9306}
		{DD0F6941-1EF9-3B69-B64F-A2A2F5D4736B} = {DD0F6941-1EF9-3B69-B64F-A2A2F5D4736B}
		{9459D83C-D23F-3586-B409-6EFADFD279A0} = {9459D83C-D23F-3586-B409-6EFADFD279A0}
		{8DFB0CCD-0996-3246-9734-409E3A24DD40} = {8DFB0CCD-0996-3246-9734-409E3A24DD40}
		{CF1E5D63-B40A-38D0-91DB-31F9986823BF} = {CF1E5D63-B40A-38D0-91DB-31F9986823BF}
		{DB151EA9-A635-3842-A709-E2FD650CCC73} = {DB151EA9-A635-3842-A709-E2FD650CCC73}
		{985A2A1B-2948-38C9-8155-50DC731DE5A8} = {985A2A1B-2948-38C9-8155-50DC731DE5A8}
		{BFD3321F-88C0-3B1A-9157-E9B5BBEB391C} = {BFD3321F-88C0-3B1A-9157-E9B5BBEB391C}
		{820D6A88-0BD8-38AF-BD68-CA06495D287B} = {820D6A88-0BD8-38AF-BD68-CA06495D287B}
		{06504687-A874-34F7-906C-1A3A4F4092D1} = {06504687-A874-34F7-906C-1A3A4F4092D1}
		{D798429E-14F2-39E6-9C37-CD8126BFA9B8} = {D798429E-14F2-39E6-9C37-CD8126BFA9B8}
		{1081CD2B-DB97-317B-8D52-429A56470A42} = {1081CD2B-DB97-317B-8D52-429A56470A42}
		{7AAF7819-A29D-318B-B2E1-6F18AB729768} = {7AAF7819-A29D-318B-B2E1-6F18AB729768}
		{593E6AEB-8270-34EB-BE39-30C416501B37} = {593E6AEB-8270-34EB-BE39-30C416501B37}
		{131D1729-1701-31F6-90B8-91E81BB7C966} = {131D1729-1701-31F6-90B8-91E81BB7C966}
		{16BDF767-F888-3FA2-BD0B-A70E86D3EEEA} = {16BDF767-F888-3FA2-BD0B-A70E86D3EEEA}
		{DD997F2A-5011-31C0-A160-57D1B969560C} = {DD997F2A-5011-31C0-A160-57D1B969560C}
		{8B5D4A8B-07EB-3D9A-BD1C-DB61A3E6FE68} = {8B5D4A8B-07EB-3D9A-BD1C-DB61A3E6FE68}
		{50C67E5D-F9ED-34AF-B25E-6BB8946CE460} = {50C67E5D-F9ED-34AF-B25E-6BB8946CE460}
		{F9A3AC18-A5A6-3902-B09B-4B62BE568743} = {F9A3AC18-A5A6-3902-B09B-4B62BE568743}
		{2BFB1C62-A2BA-33D0-8ED2-3164891DFBDD} = {2BFB1C62-A2BA-33D0-8ED2-3164891DFBDD}
		{F9ACB50D-5F40-3273-B2EC-CE57473552E3} = {F9ACB50D-5F40-3273-B2EC-CE57473552E3}
		{978529D0-AC65-3CE8-91A6-9652CA01F3A4} = {978529D0-AC65-3CE8-91A6-9652CA01F3A4}
		{0520FA09-CE2B-3402-B420-3AEC3074336B} = {0520FA09-CE2B-3402-B420-3AEC3074336B}
		{48386289-DF33-3143-B511-460785D949BB} = {48386289-DF33-3143-B511-460785D949BB}
		{406A8721-3429-33E7-B5A1-FDF3A492B017} = {406A8721-3429-33E7-B5A1-FDF3A492B017}
		{5FDB8936-103F-3D6E-A2F6-09465D853D24} = {5FDB8936-103F-3D6E-A2F6-09465D853D24}
		{ABF5C47F-8F6D-3AF0-9385-0343680ED3D8} = {ABF5C47F-8F6D-3AF0-9385-0343680ED3D8}
		{1591D911-8E04-3EA7-9DA3-ECF14A2C9388} = {1591D911-8E04-3EA7-9DA3-ECF14A2C9388}
		{C605031F-E63D-3EF3-89C3-BB7ED3A204D9} = {C605031F-E63D-3EF3-89C3-BB7ED3A204D9}
		{EF25F87A-BF15-3845-A0F0-91E426896245} = {EF25F87A-BF15-3845-A0F0-91E426896245}
		{9E76D6C3-CEC8-3FA3-8BC9-66327F01194D} = {9E76D6C3-CEC8-3FA3-8BC9-66327F01194D}
		{74B3A721-F625-3220-8307-2848A70B7008} = {74B3A721-F625-3220-8307-2848A70B7008}
	EndProjectSection
EndProject
Project("{8BC9CEB8-8B4A-11D0-8D11-00A0C91BC942}") = "INSTALL", "INSTALL.vcxproj", "{2C8A7C91-765E-372F-AE5B-43A36F47F2C8}"
	ProjectSection(ProjectDependencies) = postProject
		{19C28958-0AE1-3EF4-962F-ABA5AA1E4CA7} = {19C28958-0AE1-3EF4-962F-ABA5AA1E4CA7}
		{6BE3B9C0-423D-3ABC-874C-67BA5798F692} = {6BE3B9C0-423D-3ABC-874C-67BA5798F692}
	EndProjectSection
EndProject
Project("{8BC9CEB8-8B4A-11D0-8D11-00A0C91BC942}") = "ZERO_CHECK", "ZERO_CHECK.vcxproj", "{6BE3B9C0-423D-3ABC-874C-67BA5798F692}"
	ProjectSection(ProjectDependencies) = postProject
	EndProjectSection
EndProject
Project("{8BC9CEB8-8B4A-11D0-8D11-00A0C91BC942}") = "acountry", "third_party\cares\cares\acountry.vcxproj", "{60163BF4-5077-383F-AD77-D58A12272851}"
	ProjectSection(ProjectDependencies) = postProject
		{6BE3B9C0-423D-3ABC-874C-67BA5798F692} = {6BE3B9C0-423D-3ABC-874C-67BA5798F692}
		{90BEDB00-84D5-3FEE-A23A-10507A202D7B} = {90BEDB00-84D5-3FEE-A23A-10507A202D7B}
	EndProjectSection
EndProject
Project("{8BC9CEB8-8B4A-11D0-8D11-00A0C91BC942}") = "address_sorting", "address_sorting.vcxproj", "{5D02BE2B-42F7-35DF-889C-3E709683405B}"
	ProjectSection(ProjectDependencies) = postProject
		{6BE3B9C0-423D-3ABC-874C-67BA5798F692} = {6BE3B9C0-423D-3ABC-874C-67BA5798F692}
	EndProjectSection
EndProject
Project("{8BC9CEB8-8B4A-11D0-8D11-00A0C91BC942}") = "adig", "third_party\cares\cares\adig.vcxproj", "{0EF3716C-7445-3D64-A120-1DE8FE1CB33C}"
	ProjectSection(ProjectDependencies) = postProject
		{6BE3B9C0-423D-3ABC-874C-67BA5798F692} = {6BE3B9C0-423D-3ABC-874C-67BA5798F692}
		{90BEDB00-84D5-3FEE-A23A-10507A202D7B} = {90BEDB00-84D5-3FEE-A23A-10507A202D7B}
	EndProjectSection
EndProject
Project("{8BC9CEB8-8B4A-11D0-8D11-00A0C91BC942}") = "ahost", "third_party\cares\cares\ahost.vcxproj", "{B5B0554D-A3A3-3C2F-8EB1-1FF160D028E8}"
	ProjectSection(ProjectDependencies) = postProject
		{6BE3B9C0-423D-3ABC-874C-67BA5798F692} = {6BE3B9C0-423D-3ABC-874C-67BA5798F692}
		{90BEDB00-84D5-3FEE-A23A-10507A202D7B} = {90BEDB00-84D5-3FEE-A23A-10507A202D7B}
	EndProjectSection
EndProject
Project("{8BC9CEB8-8B4A-11D0-8D11-00A0C91BC942}") = "basic_test", "third_party\benchmark\test\basic_test.vcxproj", "{43639BA1-456F-3704-8C94-7D4B0B091D77}"
	ProjectSection(ProjectDependencies) = postProject
		{6BE3B9C0-423D-3ABC-874C-67BA5798F692} = {6BE3B9C0-423D-3ABC-874C-67BA5798F692}
		{054DA2BC-B837-37A5-9AD8-8FCC2E1D6268} = {054DA2BC-B837-37A5-9AD8-8FCC2E1D6268}
	EndProjectSection
EndProject
Project("{8BC9CEB8-8B4A-11D0-8D11-00A0C91BC942}") = "benchmark", "third_party\benchmark\src\benchmark.vcxproj", "{054DA2BC-B837-37A5-9AD8-8FCC2E1D6268}"
	ProjectSection(ProjectDependencies) = postProject
		{6BE3B9C0-423D-3ABC-874C-67BA5798F692} = {6BE3B9C0-423D-3ABC-874C-67BA5798F692}
	EndProjectSection
EndProject
Project("{8BC9CEB8-8B4A-11D0-8D11-00A0C91BC942}") = "benchmark_test", "third_party\benchmark\test\benchmark_test.vcxproj", "{0C0028F1-9CD5-3741-B7EF-D5CD4F646CED}"
	ProjectSection(ProjectDependencies) = postProject
		{6BE3B9C0-423D-3ABC-874C-67BA5798F692} = {6BE3B9C0-423D-3ABC-874C-67BA5798F692}
		{054DA2BC-B837-37A5-9AD8-8FCC2E1D6268} = {054DA2BC-B837-37A5-9AD8-8FCC2E1D6268}
	EndProjectSection
EndProject
Project("{8BC9CEB8-8B4A-11D0-8D11-00A0C91BC942}") = "c-ares", "third_party\cares\cares\c-ares.vcxproj", "{90BEDB00-84D5-3FEE-A23A-10507A202D7B}"
	ProjectSection(ProjectDependencies) = postProject
		{6BE3B9C0-423D-3ABC-874C-67BA5798F692} = {6BE3B9C0-423D-3ABC-874C-67BA5798F692}
	EndProjectSection
EndProject
Project("{8BC9CEB8-8B4A-11D0-8D11-00A0C91BC942}") = "check_epollexclusive", "check_epollexclusive.vcxproj", "{D0F3A798-A8E9-3BA4-8252-F6416B2D7223}"
	ProjectSection(ProjectDependencies) = postProject
		{6BE3B9C0-423D-3ABC-874C-67BA5798F692} = {6BE3B9C0-423D-3ABC-874C-67BA5798F692}
		{5D02BE2B-42F7-35DF-889C-3E709683405B} = {5D02BE2B-42F7-35DF-889C-3E709683405B}
		{90BEDB00-84D5-3FEE-A23A-10507A202D7B} = {90BEDB00-84D5-3FEE-A23A-10507A202D7B}
		{DEE6AC81-FF93-3F9B-B51A-C73677F4B041} = {DEE6AC81-FF93-3F9B-B51A-C73677F4B041}
		{870C57CF-421B-3976-A7DB-3B2A8EFF054A} = {870C57CF-421B-3976-A7DB-3B2A8EFF054A}
		{74B3A721-F625-3220-8307-2848A70B7008} = {74B3A721-F625-3220-8307-2848A70B7008}
	EndProjectSection
EndProject
Project("{8BC9CEB8-8B4A-11D0-8D11-00A0C91BC942}") = "complexity_test", "third_party\benchmark\test\complexity_test.vcxproj", "{A53E96C8-64E1-31AE-9DF3-3CADC9086660}"
	ProjectSection(ProjectDependencies) = postProject
		{6BE3B9C0-423D-3ABC-874C-67BA5798F692} = {6BE3B9C0-423D-3ABC-874C-67BA5798F692}
		{054DA2BC-B837-37A5-9AD8-8FCC2E1D6268} = {054DA2BC-B837-37A5-9AD8-8FCC2E1D6268}
		{48386289-DF33-3143-B511-460785D949BB} = {48386289-DF33-3143-B511-460785D949BB}
	EndProjectSection
EndProject
Project("{8BC9CEB8-8B4A-11D0-8D11-00A0C91BC942}") = "diagnostics_test", "third_party\benchmark\test\diagnostics_test.vcxproj", "{75FB4FBC-1F6A-3CD2-8BE0-7D1F8AF676B8}"
	ProjectSection(ProjectDependencies) = postProject
		{6BE3B9C0-423D-3ABC-874C-67BA5798F692} = {6BE3B9C0-423D-3ABC-874C-67BA5798F692}
		{054DA2BC-B837-37A5-9AD8-8FCC2E1D6268} = {054DA2BC-B837-37A5-9AD8-8FCC2E1D6268}
	EndProjectSection
EndProject
Project("{8BC9CEB8-8B4A-11D0-8D11-00A0C91BC942}") = "donotoptimize_test", "third_party\benchmark\test\donotoptimize_test.vcxproj", "{69B377BC-ADEB-34B6-A7F3-0E0FF7378583}"
	ProjectSection(ProjectDependencies) = postProject
		{6BE3B9C0-423D-3ABC-874C-67BA5798F692} = {6BE3B9C0-423D-3ABC-874C-67BA5798F692}
		{054DA2BC-B837-37A5-9AD8-8FCC2E1D6268} = {054DA2BC-B837-37A5-9AD8-8FCC2E1D6268}
	EndProjectSection
EndProject
Project("{8BC9CEB8-8B4A-11D0-8D11-00A0C91BC942}") = "example", "third_party\zlib\example.vcxproj", "{4C3A4794-DAA7-3725-9A58-B406B3FC5CC8}"
	ProjectSection(ProjectDependencies) = postProject
		{6BE3B9C0-423D-3ABC-874C-67BA5798F692} = {6BE3B9C0-423D-3ABC-874C-67BA5798F692}
		{9E76D6C3-CEC8-3FA3-8BC9-66327F01194D} = {9E76D6C3-CEC8-3FA3-8BC9-66327F01194D}
	EndProjectSection
EndProject
Project("{8BC9CEB8-8B4A-11D0-8D11-00A0C91BC942}") = "filter_test", "third_party\benchmark\test\filter_test.vcxproj", "{5A470C60-DDAF-3817-9442-26AF436BEA55}"
	ProjectSection(ProjectDependencies) = postProject
		{6BE3B9C0-423D-3ABC-874C-67BA5798F692} = {6BE3B9C0-423D-3ABC-874C-67BA5798F692}
		{054DA2BC-B837-37A5-9AD8-8FCC2E1D6268} = {054DA2BC-B837-37A5-9AD8-8FCC2E1D6268}
	EndProjectSection
EndProject
Project("{8BC9CEB8-8B4A-11D0-8D11-00A0C91BC942}") = "fixture_test", "third_party\benchmark\test\fixture_test.vcxproj", "{0BC9A8F9-52F2-3E58-89CE-89B0CE3F7B06}"
	ProjectSection(ProjectDependencies) = postProject
		{6BE3B9C0-423D-3ABC-874C-67BA5798F692} = {6BE3B9C0-423D-3ABC-874C-67BA5798F692}
		{054DA2BC-B837-37A5-9AD8-8FCC2E1D6268} = {054DA2BC-B837-37A5-9AD8-8FCC2E1D6268}
	EndProjectSection
EndProject
Project("{8BC9CEB8-8B4A-11D0-8D11-00A0C91BC942}") = "gen_hpack_tables", "gen_hpack_tables.vcxproj", "{09B5FBAC-85E9-35B5-AE7C-A1CD167BE023}"
	ProjectSection(ProjectDependencies) = postProject
		{6BE3B9C0-423D-3ABC-874C-67BA5798F692} = {6BE3B9C0-423D-3ABC-874C-67BA5798F692}
		{5D02BE2B-42F7-35DF-889C-3E709683405B} = {5D02BE2B-42F7-35DF-889C-3E709683405B}
		{90BEDB00-84D5-3FEE-A23A-10507A202D7B} = {90BEDB00-84D5-3FEE-A23A-10507A202D7B}
		{DEE6AC81-FF93-3F9B-B51A-C73677F4B041} = {DEE6AC81-FF93-3F9B-B51A-C73677F4B041}
		{870C57CF-421B-3976-A7DB-3B2A8EFF054A} = {870C57CF-421B-3976-A7DB-3B2A8EFF054A}
		{74B3A721-F625-3220-8307-2848A70B7008} = {74B3A721-F625-3220-8307-2848A70B7008}
	EndProjectSection
EndProject
Project("{8BC9CEB8-8B4A-11D0-8D11-00A0C91BC942}") = "gen_legal_metadata_characters", "gen_legal_metadata_characters.vcxproj", "{90FF0B73-2F2F-332A-B6B8-2509EC750552}"
	ProjectSection(ProjectDependencies) = postProject
		{6BE3B9C0-423D-3ABC-874C-67BA5798F692} = {6BE3B9C0-423D-3ABC-874C-67BA5798F692}
	EndProjectSection
EndProject
Project("{8BC9CEB8-8B4A-11D0-8D11-00A0C91BC942}") = "gen_percent_encoding_tables", "gen_percent_encoding_tables.vcxproj", "{14DB3CF8-74F3-3B86-9B3B-3040C070F200}"
	ProjectSection(ProjectDependencies) = postProject
		{6BE3B9C0-423D-3ABC-874C-67BA5798F692} = {6BE3B9C0-423D-3ABC-874C-67BA5798F692}
	EndProjectSection
EndProject
Project("{8BC9CEB8-8B4A-11D0-8D11-00A0C91BC942}") = "gflags_nothreads_static", "third_party\gflags\gflags_nothreads_static.vcxproj", "{ED7DF26D-D405-3268-A23F-D043C1272F3B}"
	ProjectSection(ProjectDependencies) = postProject
		{6BE3B9C0-423D-3ABC-874C-67BA5798F692} = {6BE3B9C0-423D-3ABC-874C-67BA5798F692}
	EndProjectSection
EndProject
Project("{8BC9CEB8-8B4A-11D0-8D11-00A0C91BC942}") = "gflags_static", "third_party\gflags\gflags_static.vcxproj", "{3C71E8BE-FBA3-36D1-AF1B-D77628124A0A}"
	ProjectSection(ProjectDependencies) = postProject
		{6BE3B9C0-423D-3ABC-874C-67BA5798F692} = {6BE3B9C0-423D-3ABC-874C-67BA5798F692}
	EndProjectSection
EndProject
Project("{8BC9CEB8-8B4A-11D0-8D11-00A0C91BC942}") = "gpr", "gpr.vcxproj", "{DEE6AC81-FF93-3F9B-B51A-C73677F4B041}"
	ProjectSection(ProjectDependencies) = postProject
		{6BE3B9C0-423D-3ABC-874C-67BA5798F692} = {6BE3B9C0-423D-3ABC-874C-67BA5798F692}
	EndProjectSection
EndProject
Project("{8BC9CEB8-8B4A-11D0-8D11-00A0C91BC942}") = "grpc", "grpc.vcxproj", "{870C57CF-421B-3976-A7DB-3B2A8EFF054A}"
	ProjectSection(ProjectDependencies) = postProject
		{6BE3B9C0-423D-3ABC-874C-67BA5798F692} = {6BE3B9C0-423D-3ABC-874C-67BA5798F692}
		{5D02BE2B-42F7-35DF-889C-3E709683405B} = {5D02BE2B-42F7-35DF-889C-3E709683405B}
		{90BEDB00-84D5-3FEE-A23A-10507A202D7B} = {90BEDB00-84D5-3FEE-A23A-10507A202D7B}
		{DEE6AC81-FF93-3F9B-B51A-C73677F4B041} = {DEE6AC81-FF93-3F9B-B51A-C73677F4B041}
		{74B3A721-F625-3220-8307-2848A70B7008} = {74B3A721-F625-3220-8307-2848A70B7008}
	EndProjectSection
EndProject
Project("{8BC9CEB8-8B4A-11D0-8D11-00A0C91BC942}") = "grpc++", "grpc++.vcxproj", "{165C7DF9-637F-3A35-869E-483AB4DE811F}"
	ProjectSection(ProjectDependencies) = postProject
		{6BE3B9C0-423D-3ABC-874C-67BA5798F692} = {6BE3B9C0-423D-3ABC-874C-67BA5798F692}
		{5D02BE2B-42F7-35DF-889C-3E709683405B} = {5D02BE2B-42F7-35DF-889C-3E709683405B}
		{90BEDB00-84D5-3FEE-A23A-10507A202D7B} = {90BEDB00-84D5-3FEE-A23A-10507A202D7B}
		{DEE6AC81-FF93-3F9B-B51A-C73677F4B041} = {DEE6AC81-FF93-3F9B-B51A-C73677F4B041}
		{870C57CF-421B-3976-A7DB-3B2A8EFF054A} = {870C57CF-421B-3976-A7DB-3B2A8EFF054A}
		{8B5D4A8B-07EB-3D9A-BD1C-DB61A3E6FE68} = {8B5D4A8B-07EB-3D9A-BD1C-DB61A3E6FE68}
		{74B3A721-F625-3220-8307-2848A70B7008} = {74B3A721-F625-3220-8307-2848A70B7008}
	EndProjectSection
EndProject
Project("{8BC9CEB8-8B4A-11D0-8D11-00A0C91BC942}") = "grpc++_cronet", "grpc++_cronet.vcxproj", "{B88B7703-F21B-3472-958C-D9E797C5A3E1}"
	ProjectSection(ProjectDependencies) = postProject
		{6BE3B9C0-423D-3ABC-874C-67BA5798F692} = {6BE3B9C0-423D-3ABC-874C-67BA5798F692}
		{5D02BE2B-42F7-35DF-889C-3E709683405B} = {5D02BE2B-42F7-35DF-889C-3E709683405B}
		{90BEDB00-84D5-3FEE-A23A-10507A202D7B} = {90BEDB00-84D5-3FEE-A23A-10507A202D7B}
		{DEE6AC81-FF93-3F9B-B51A-C73677F4B041} = {DEE6AC81-FF93-3F9B-B51A-C73677F4B041}
		{870C57CF-421B-3976-A7DB-3B2A8EFF054A} = {870C57CF-421B-3976-A7DB-3B2A8EFF054A}
		{CF1E5D63-B40A-38D0-91DB-31F9986823BF} = {CF1E5D63-B40A-38D0-91DB-31F9986823BF}
		{8B5D4A8B-07EB-3D9A-BD1C-DB61A3E6FE68} = {8B5D4A8B-07EB-3D9A-BD1C-DB61A3E6FE68}
		{74B3A721-F625-3220-8307-2848A70B7008} = {74B3A721-F625-3220-8307-2848A70B7008}
	EndProjectSection
EndProject
Project("{8BC9CEB8-8B4A-11D0-8D11-00A0C91BC942}") = "grpc++_error_details", "grpc++_error_details.vcxproj", "{25121161-8684-383E-B405-4CEB02B7FB0B}"
	ProjectSection(ProjectDependencies) = postProject
		{6BE3B9C0-423D-3ABC-874C-67BA5798F692} = {6BE3B9C0-423D-3ABC-874C-67BA5798F692}
		{5D02BE2B-42F7-35DF-889C-3E709683405B} = {5D02BE2B-42F7-35DF-889C-3E709683405B}
		{90BEDB00-84D5-3FEE-A23A-10507A202D7B} = {90BEDB00-84D5-3FEE-A23A-10507A202D7B}
		{DEE6AC81-FF93-3F9B-B51A-C73677F4B041} = {DEE6AC81-FF93-3F9B-B51A-C73677F4B041}
		{870C57CF-421B-3976-A7DB-3B2A8EFF054A} = {870C57CF-421B-3976-A7DB-3B2A8EFF054A}
		{165C7DF9-637F-3A35-869E-483AB4DE811F} = {165C7DF9-637F-3A35-869E-483AB4DE811F}
		{9459D83C-D23F-3586-B409-6EFADFD279A0} = {9459D83C-D23F-3586-B409-6EFADFD279A0}
		{8B5D4A8B-07EB-3D9A-BD1C-DB61A3E6FE68} = {8B5D4A8B-07EB-3D9A-BD1C-DB61A3E6FE68}
		{406A8721-3429-33E7-B5A1-FDF3A492B017} = {406A8721-3429-33E7-B5A1-FDF3A492B017}
		{74B3A721-F625-3220-8307-2848A70B7008} = {74B3A721-F625-3220-8307-2848A70B7008}
	EndProjectSection
EndProject
Project("{8BC9CEB8-8B4A-11D0-8D11-00A0C91BC942}") = "grpc++_reflection", "grpc++_reflection.vcxproj", "{A6B580C3-F338-3B26-A007-D2178CBB9306}"
	ProjectSection(ProjectDependencies) = postProject
		{6BE3B9C0-423D-3ABC-874C-67BA5798F692} = {6BE3B9C0-423D-3ABC-874C-67BA5798F692}
		{5D02BE2B-42F7-35DF-889C-3E709683405B} = {5D02BE2B-42F7-35DF-889C-3E709683405B}
		{90BEDB00-84D5-3FEE-A23A-10507A202D7B} = {90BEDB00-84D5-3FEE-A23A-10507A202D7B}
		{DEE6AC81-FF93-3F9B-B51A-C73677F4B041} = {DEE6AC81-FF93-3F9B-B51A-C73677F4B041}
		{870C57CF-421B-3976-A7DB-3B2A8EFF054A} = {870C57CF-421B-3976-A7DB-3B2A8EFF054A}
		{165C7DF9-637F-3A35-869E-483AB4DE811F} = {165C7DF9-637F-3A35-869E-483AB4DE811F}
		{9459D83C-D23F-3586-B409-6EFADFD279A0} = {9459D83C-D23F-3586-B409-6EFADFD279A0}
		{8B5D4A8B-07EB-3D9A-BD1C-DB61A3E6FE68} = {8B5D4A8B-07EB-3D9A-BD1C-DB61A3E6FE68}
		{406A8721-3429-33E7-B5A1-FDF3A492B017} = {406A8721-3429-33E7-B5A1-FDF3A492B017}
		{74B3A721-F625-3220-8307-2848A70B7008} = {74B3A721-F625-3220-8307-2848A70B7008}
	EndProjectSection
EndProject
Project("{8BC9CEB8-8B4A-11D0-8D11-00A0C91BC942}") = "grpc++_unsecure", "grpc++_unsecure.vcxproj", "{DD0F6941-1EF9-3B69-B64F-A2A2F5D4736B}"
	ProjectSection(ProjectDependencies) = postProject
		{6BE3B9C0-423D-3ABC-874C-67BA5798F692} = {6BE3B9C0-423D-3ABC-874C-67BA5798F692}
		{5D02BE2B-42F7-35DF-889C-3E709683405B} = {5D02BE2B-42F7-35DF-889C-3E709683405B}
		{90BEDB00-84D5-3FEE-A23A-10507A202D7B} = {90BEDB00-84D5-3FEE-A23A-10507A202D7B}
		{DEE6AC81-FF93-3F9B-B51A-C73677F4B041} = {DEE6AC81-FF93-3F9B-B51A-C73677F4B041}
		{131D1729-1701-31F6-90B8-91E81BB7C966} = {131D1729-1701-31F6-90B8-91E81BB7C966}
		{8B5D4A8B-07EB-3D9A-BD1C-DB61A3E6FE68} = {8B5D4A8B-07EB-3D9A-BD1C-DB61A3E6FE68}
		{74B3A721-F625-3220-8307-2848A70B7008} = {74B3A721-F625-3220-8307-2848A70B7008}
	EndProjectSection
EndProject
Project("{8BC9CEB8-8B4A-11D0-8D11-00A0C91BC942}") = "grpc_cpp_plugin", "grpc_cpp_plugin.vcxproj", "{9459D83C-D23F-3586-B409-6EFADFD279A0}"
	ProjectSection(ProjectDependencies) = postProject
		{6BE3B9C0-423D-3ABC-874C-67BA5798F692} = {6BE3B9C0-423D-3ABC-874C-67BA5798F692}
		{D798429E-14F2-39E6-9C37-CD8126BFA9B8} = {D798429E-14F2-39E6-9C37-CD8126BFA9B8}
		{8B5D4A8B-07EB-3D9A-BD1C-DB61A3E6FE68} = {8B5D4A8B-07EB-3D9A-BD1C-DB61A3E6FE68}
		{F9A3AC18-A5A6-3902-B09B-4B62BE568743} = {F9A3AC18-A5A6-3902-B09B-4B62BE568743}
	EndProjectSection
EndProject
Project("{8BC9CEB8-8B4A-11D0-8D11-00A0C91BC942}") = "grpc_create_jwt", "grpc_create_jwt.vcxproj", "{8DFB0CCD-0996-3246-9734-409E3A24DD40}"
	ProjectSection(ProjectDependencies) = postProject
		{6BE3B9C0-423D-3ABC-874C-67BA5798F692} = {6BE3B9C0-423D-3ABC-874C-67BA5798F692}
		{5D02BE2B-42F7-35DF-889C-3E709683405B} = {5D02BE2B-42F7-35DF-889C-3E709683405B}
		{90BEDB00-84D5-3FEE-A23A-10507A202D7B} = {90BEDB00-84D5-3FEE-A23A-10507A202D7B}
		{DEE6AC81-FF93-3F9B-B51A-C73677F4B041} = {DEE6AC81-FF93-3F9B-B51A-C73677F4B041}
		{870C57CF-421B-3976-A7DB-3B2A8EFF054A} = {870C57CF-421B-3976-A7DB-3B2A8EFF054A}
		{74B3A721-F625-3220-8307-2848A70B7008} = {74B3A721-F625-3220-8307-2848A70B7008}
	EndProjectSection
EndProject
Project("{8BC9CEB8-8B4A-11D0-8D11-00A0C91BC942}") = "grpc_cronet", "grpc_cronet.vcxproj", "{CF1E5D63-B40A-38D0-91DB-31F9986823BF}"
	ProjectSection(ProjectDependencies) = postProject
		{6BE3B9C0-423D-3ABC-874C-67BA5798F692} = {6BE3B9C0-423D-3ABC-874C-67BA5798F692}
		{5D02BE2B-42F7-35DF-889C-3E709683405B} = {5D02BE2B-42F7-35DF-889C-3E709683405B}
		{90BEDB00-84D5-3FEE-A23A-10507A202D7B} = {90BEDB00-84D5-3FEE-A23A-10507A202D7B}
		{DEE6AC81-FF93-3F9B-B51A-C73677F4B041} = {DEE6AC81-FF93-3F9B-B51A-C73677F4B041}
		{74B3A721-F625-3220-8307-2848A70B7008} = {74B3A721-F625-3220-8307-2848A70B7008}
	EndProjectSection
EndProject
Project("{8BC9CEB8-8B4A-11D0-8D11-00A0C91BC942}") = "grpc_csharp_ext", "grpc_csharp_ext.vcxproj", "{DB151EA9-A635-3842-A709-E2FD650CCC73}"
	ProjectSection(ProjectDependencies) = postProject
		{6BE3B9C0-423D-3ABC-874C-67BA5798F692} = {6BE3B9C0-423D-3ABC-874C-67BA5798F692}
		{5D02BE2B-42F7-35DF-889C-3E709683405B} = {5D02BE2B-42F7-35DF-889C-3E709683405B}
		{90BEDB00-84D5-3FEE-A23A-10507A202D7B} = {90BEDB00-84D5-3FEE-A23A-10507A202D7B}
		{DEE6AC81-FF93-3F9B-B51A-C73677F4B041} = {DEE6AC81-FF93-3F9B-B51A-C73677F4B041}
		{870C57CF-421B-3976-A7DB-3B2A8EFF054A} = {870C57CF-421B-3976-A7DB-3B2A8EFF054A}
		{74B3A721-F625-3220-8307-2848A70B7008} = {74B3A721-F625-3220-8307-2848A70B7008}
	EndProjectSection
EndProject
Project("{8BC9CEB8-8B4A-11D0-8D11-00A0C91BC942}") = "grpc_csharp_plugin", "grpc_csharp_plugin.vcxproj", "{985A2A1B-2948-38C9-8155-50DC731DE5A8}"
	ProjectSection(ProjectDependencies) = postProject
		{6BE3B9C0-423D-3ABC-874C-67BA5798F692} = {6BE3B9C0-423D-3ABC-874C-67BA5798F692}
		{D798429E-14F2-39E6-9C37-CD8126BFA9B8} = {D798429E-14F2-39E6-9C37-CD8126BFA9B8}
		{8B5D4A8B-07EB-3D9A-BD1C-DB61A3E6FE68} = {8B5D4A8B-07EB-3D9A-BD1C-DB61A3E6FE68}
		{F9A3AC18-A5A6-3902-B09B-4B62BE568743} = {F9A3AC18-A5A6-3902-B09B-4B62BE568743}
	EndProjectSection
EndProject
Project("{8BC9CEB8-8B4A-11D0-8D11-00A0C91BC942}") = "grpc_node_plugin", "grpc_node_plugin.vcxproj", "{BFD3321F-88C0-3B1A-9157-E9B5BBEB391C}"
	ProjectSection(ProjectDependencies) = postProject
		{6BE3B9C0-423D-3ABC-874C-67BA5798F692} = {6BE3B9C0-423D-3ABC-874C-67BA5798F692}
		{D798429E-14F2-39E6-9C37-CD8126BFA9B8} = {D798429E-14F2-39E6-9C37-CD8126BFA9B8}
		{8B5D4A8B-07EB-3D9A-BD1C-DB61A3E6FE68} = {8B5D4A8B-07EB-3D9A-BD1C-DB61A3E6FE68}
		{F9A3AC18-A5A6-3902-B09B-4B62BE568743} = {F9A3AC18-A5A6-3902-B09B-4B62BE568743}
	EndProjectSection
EndProject
Project("{8BC9CEB8-8B4A-11D0-8D11-00A0C91BC942}") = "grpc_objective_c_plugin", "grpc_objective_c_plugin.vcxproj", "{820D6A88-0BD8-38AF-BD68-CA06495D287B}"
	ProjectSection(ProjectDependencies) = postProject
		{6BE3B9C0-423D-3ABC-874C-67BA5798F692} = {6BE3B9C0-423D-3ABC-874C-67BA5798F692}
		{D798429E-14F2-39E6-9C37-CD8126BFA9B8} = {D798429E-14F2-39E6-9C37-CD8126BFA9B8}
		{8B5D4A8B-07EB-3D9A-BD1C-DB61A3E6FE68} = {8B5D4A8B-07EB-3D9A-BD1C-DB61A3E6FE68}
		{F9A3AC18-A5A6-3902-B09B-4B62BE568743} = {F9A3AC18-A5A6-3902-B09B-4B62BE568743}
	EndProjectSection
EndProject
Project("{8BC9CEB8-8B4A-11D0-8D11-00A0C91BC942}") = "grpc_php_plugin", "grpc_php_plugin.vcxproj", "{06504687-A874-34F7-906C-1A3A4F4092D1}"
	ProjectSection(ProjectDependencies) = postProject
		{6BE3B9C0-423D-3ABC-874C-67BA5798F692} = {6BE3B9C0-423D-3ABC-874C-67BA5798F692}
		{D798429E-14F2-39E6-9C37-CD8126BFA9B8} = {D798429E-14F2-39E6-9C37-CD8126BFA9B8}
		{8B5D4A8B-07EB-3D9A-BD1C-DB61A3E6FE68} = {8B5D4A8B-07EB-3D9A-BD1C-DB61A3E6FE68}
		{F9A3AC18-A5A6-3902-B09B-4B62BE568743} = {F9A3AC18-A5A6-3902-B09B-4B62BE568743}
	EndProjectSection
EndProject
Project("{8BC9CEB8-8B4A-11D0-8D11-00A0C91BC942}") = "grpc_plugin_support", "grpc_plugin_support.vcxproj", "{D798429E-14F2-39E6-9C37-CD8126BFA9B8}"
	ProjectSection(ProjectDependencies) = postProject
		{6BE3B9C0-423D-3ABC-874C-67BA5798F692} = {6BE3B9C0-423D-3ABC-874C-67BA5798F692}
		{8B5D4A8B-07EB-3D9A-BD1C-DB61A3E6FE68} = {8B5D4A8B-07EB-3D9A-BD1C-DB61A3E6FE68}
		{F9A3AC18-A5A6-3902-B09B-4B62BE568743} = {F9A3AC18-A5A6-3902-B09B-4B62BE568743}
	EndProjectSection
EndProject
Project("{8BC9CEB8-8B4A-11D0-8D11-00A0C91BC942}") = "grpc_print_google_default_creds_token", "grpc_print_google_default_creds_token.vcxproj", "{1081CD2B-DB97-317B-8D52-429A56470A42}"
	ProjectSection(ProjectDependencies) = postProject
		{6BE3B9C0-423D-3ABC-874C-67BA5798F692} = {6BE3B9C0-423D-3ABC-874C-67BA5798F692}
		{5D02BE2B-42F7-35DF-889C-3E709683405B} = {5D02BE2B-42F7-35DF-889C-3E709683405B}
		{90BEDB00-84D5-3FEE-A23A-10507A202D7B} = {90BEDB00-84D5-3FEE-A23A-10507A202D7B}
		{DEE6AC81-FF93-3F9B-B51A-C73677F4B041} = {DEE6AC81-FF93-3F9B-B51A-C73677F4B041}
		{870C57CF-421B-3976-A7DB-3B2A8EFF054A} = {870C57CF-421B-3976-A7DB-3B2A8EFF054A}
		{74B3A721-F625-3220-8307-2848A70B7008} = {74B3A721-F625-3220-8307-2848A70B7008}
	EndProjectSection
EndProject
Project("{8BC9CEB8-8B4A-11D0-8D11-00A0C91BC942}") = "grpc_python_plugin", "grpc_python_plugin.vcxproj", "{7AAF7819-A29D-318B-B2E1-6F18AB729768}"
	ProjectSection(ProjectDependencies) = postProject
		{6BE3B9C0-423D-3ABC-874C-67BA5798F692} = {6BE3B9C0-423D-3ABC-874C-67BA5798F692}
		{D798429E-14F2-39E6-9C37-CD8126BFA9B8} = {D798429E-14F2-39E6-9C37-CD8126BFA9B8}
		{8B5D4A8B-07EB-3D9A-BD1C-DB61A3E6FE68} = {8B5D4A8B-07EB-3D9A-BD1C-DB61A3E6FE68}
		{F9A3AC18-A5A6-3902-B09B-4B62BE568743} = {F9A3AC18-A5A6-3902-B09B-4B62BE568743}
	EndProjectSection
EndProject
Project("{8BC9CEB8-8B4A-11D0-8D11-00A0C91BC942}") = "grpc_ruby_plugin", "grpc_ruby_plugin.vcxproj", "{593E6AEB-8270-34EB-BE39-30C416501B37}"
	ProjectSection(ProjectDependencies) = postProject
		{6BE3B9C0-423D-3ABC-874C-67BA5798F692} = {6BE3B9C0-423D-3ABC-874C-67BA5798F692}
		{D798429E-14F2-39E6-9C37-CD8126BFA9B8} = {D798429E-14F2-39E6-9C37-CD8126BFA9B8}
		{8B5D4A8B-07EB-3D9A-BD1C-DB61A3E6FE68} = {8B5D4A8B-07EB-3D9A-BD1C-DB61A3E6FE68}
		{F9A3AC18-A5A6-3902-B09B-4B62BE568743} = {F9A3AC18-A5A6-3902-B09B-4B62BE568743}
	EndProjectSection
EndProject
Project("{8BC9CEB8-8B4A-11D0-8D11-00A0C91BC942}") = "grpc_unsecure", "grpc_unsecure.vcxproj", "{131D1729-1701-31F6-90B8-91E81BB7C966}"
	ProjectSection(ProjectDependencies) = postProject
		{6BE3B9C0-423D-3ABC-874C-67BA5798F692} = {6BE3B9C0-423D-3ABC-874C-67BA5798F692}
		{5D02BE2B-42F7-35DF-889C-3E709683405B} = {5D02BE2B-42F7-35DF-889C-3E709683405B}
		{90BEDB00-84D5-3FEE-A23A-10507A202D7B} = {90BEDB00-84D5-3FEE-A23A-10507A202D7B}
		{DEE6AC81-FF93-3F9B-B51A-C73677F4B041} = {DEE6AC81-FF93-3F9B-B51A-C73677F4B041}
		{74B3A721-F625-3220-8307-2848A70B7008} = {74B3A721-F625-3220-8307-2848A70B7008}
	EndProjectSection
EndProject
Project("{8BC9CEB8-8B4A-11D0-8D11-00A0C91BC942}") = "grpc_verify_jwt", "grpc_verify_jwt.vcxproj", "{16BDF767-F888-3FA2-BD0B-A70E86D3EEEA}"
	ProjectSection(ProjectDependencies) = postProject
		{6BE3B9C0-423D-3ABC-874C-67BA5798F692} = {6BE3B9C0-423D-3ABC-874C-67BA5798F692}
		{5D02BE2B-42F7-35DF-889C-3E709683405B} = {5D02BE2B-42F7-35DF-889C-3E709683405B}
		{90BEDB00-84D5-3FEE-A23A-10507A202D7B} = {90BEDB00-84D5-3FEE-A23A-10507A202D7B}
		{DEE6AC81-FF93-3F9B-B51A-C73677F4B041} = {DEE6AC81-FF93-3F9B-B51A-C73677F4B041}
		{870C57CF-421B-3976-A7DB-3B2A8EFF054A} = {870C57CF-421B-3976-A7DB-3B2A8EFF054A}
		{74B3A721-F625-3220-8307-2848A70B7008} = {74B3A721-F625-3220-8307-2848A70B7008}
	EndProjectSection
EndProject
Project("{8BC9CEB8-8B4A-11D0-8D11-00A0C91BC942}") = "js_embed", "third_party\protobuf\js_embed.vcxproj", "{DD997F2A-5011-31C0-A160-57D1B969560C}"
	ProjectSection(ProjectDependencies) = postProject
		{6BE3B9C0-423D-3ABC-874C-67BA5798F692} = {6BE3B9C0-423D-3ABC-874C-67BA5798F692}
	EndProjectSection
EndProject
Project("{8BC9CEB8-8B4A-11D0-8D11-00A0C91BC942}") = "libprotobuf", "third_party\protobuf\libprotobuf.vcxproj", "{8B5D4A8B-07EB-3D9A-BD1C-DB61A3E6FE68}"
	ProjectSection(ProjectDependencies) = postProject
		{6BE3B9C0-423D-3ABC-874C-67BA5798F692} = {6BE3B9C0-423D-3ABC-874C-67BA5798F692}
	EndProjectSection
EndProject
Project("{8BC9CEB8-8B4A-11D0-8D11-00A0C91BC942}") = "libprotobuf-lite", "third_party\protobuf\libprotobuf-lite.vcxproj", "{50C67E5D-F9ED-34AF-B25E-6BB8946CE460}"
	ProjectSection(ProjectDependencies) = postProject
		{6BE3B9C0-423D-3ABC-874C-67BA5798F692} = {6BE3B9C0-423D-3ABC-874C-67BA5798F692}
	EndProjectSection
EndProject
Project("{8BC9CEB8-8B4A-11D0-8D11-00A0C91BC942}") = "libprotoc", "third_party\protobuf\libprotoc.vcxproj", "{F9A3AC18-A5A6-3902-B09B-4B62BE568743}"
	ProjectSection(ProjectDependencies) = postProject
		{6BE3B9C0-423D-3ABC-874C-67BA5798F692} = {6BE3B9C0-423D-3ABC-874C-67BA5798F692}
		{DD997F2A-5011-31C0-A160-57D1B969560C} = {DD997F2A-5011-31C0-A160-57D1B969560C}
		{8B5D4A8B-07EB-3D9A-BD1C-DB61A3E6FE68} = {8B5D4A8B-07EB-3D9A-BD1C-DB61A3E6FE68}
	EndProjectSection
EndProject
Project("{8BC9CEB8-8B4A-11D0-8D11-00A0C91BC942}") = "map_test", "third_party\benchmark\test\map_test.vcxproj", "{2BFB1C62-A2BA-33D0-8ED2-3164891DFBDD}"
	ProjectSection(ProjectDependencies) = postProject
		{6BE3B9C0-423D-3ABC-874C-67BA5798F692} = {6BE3B9C0-423D-3ABC-874C-67BA5798F692}
		{054DA2BC-B837-37A5-9AD8-8FCC2E1D6268} = {054DA2BC-B837-37A5-9AD8-8FCC2E1D6268}
	EndProjectSection
EndProject
Project("{8BC9CEB8-8B4A-11D0-8D11-00A0C91BC942}") = "minigzip", "third_party\zlib\minigzip.vcxproj", "{F9ACB50D-5F40-3273-B2EC-CE57473552E3}"
	ProjectSection(ProjectDependencies) = postProject
		{6BE3B9C0-423D-3ABC-874C-67BA5798F692} = {6BE3B9C0-423D-3ABC-874C-67BA5798F692}
		{9E76D6C3-CEC8-3FA3-8BC9-66327F01194D} = {9E76D6C3-CEC8-3FA3-8BC9-66327F01194D}
	EndProjectSection
EndProject
Project("{8BC9CEB8-8B4A-11D0-8D11-00A0C91BC942}") = "multiple_ranges_test", "third_party\benchmark\test\multiple_ranges_test.vcxproj", "{978529D0-AC65-3CE8-91A6-9652CA01F3A4}"
	ProjectSection(ProjectDependencies) = postProject
		{6BE3B9C0-423D-3ABC-874C-67BA5798F692} = {6BE3B9C0-423D-3ABC-874C-67BA5798F692}
		{054DA2BC-B837-37A5-9AD8-8FCC2E1D6268} = {054DA2BC-B837-37A5-9AD8-8FCC2E1D6268}
	EndProjectSection
EndProject
Project("{8BC9CEB8-8B4A-11D0-8D11-00A0C91BC942}") = "options_test", "third_party\benchmark\test\options_test.vcxproj", "{0520FA09-CE2B-3402-B420-3AEC3074336B}"
	ProjectSection(ProjectDependencies) = postProject
		{6BE3B9C0-423D-3ABC-874C-67BA5798F692} = {6BE3B9C0-423D-3ABC-874C-67BA5798F692}
		{054DA2BC-B837-37A5-9AD8-8FCC2E1D6268} = {054DA2BC-B837-37A5-9AD8-8FCC2E1D6268}
	EndProjectSection
EndProject
Project("{8BC9CEB8-8B4A-11D0-8D11-00A0C91BC942}") = "output_test_helper", "third_party\benchmark\test\output_test_helper.vcxproj", "{48386289-DF33-3143-B511-460785D949BB}"
	ProjectSection(ProjectDependencies) = postProject
		{6BE3B9C0-423D-3ABC-874C-67BA5798F692} = {6BE3B9C0-423D-3ABC-874C-67BA5798F692}
	EndProjectSection
EndProject
Project("{8BC9CEB8-8B4A-11D0-8D11-00A0C91BC942}") = "plugins", "plugins.vcxproj", "{88DB7495-1F44-3A1B-B8EE-893FFBB79C65}"
	ProjectSection(ProjectDependencies) = postProject
		{6BE3B9C0-423D-3ABC-874C-67BA5798F692} = {6BE3B9C0-423D-3ABC-874C-67BA5798F692}
		{9459D83C-D23F-3586-B409-6EFADFD279A0} = {9459D83C-D23F-3586-B409-6EFADFD279A0}
		{985A2A1B-2948-38C9-8155-50DC731DE5A8} = {985A2A1B-2948-38C9-8155-50DC731DE5A8}
		{BFD3321F-88C0-3B1A-9157-E9B5BBEB391C} = {BFD3321F-88C0-3B1A-9157-E9B5BBEB391C}
		{820D6A88-0BD8-38AF-BD68-CA06495D287B} = {820D6A88-0BD8-38AF-BD68-CA06495D287B}
		{06504687-A874-34F7-906C-1A3A4F4092D1} = {06504687-A874-34F7-906C-1A3A4F4092D1}
		{7AAF7819-A29D-318B-B2E1-6F18AB729768} = {7AAF7819-A29D-318B-B2E1-6F18AB729768}
		{593E6AEB-8270-34EB-BE39-30C416501B37} = {593E6AEB-8270-34EB-BE39-30C416501B37}
	EndProjectSection
EndProject
Project("{8BC9CEB8-8B4A-11D0-8D11-00A0C91BC942}") = "protoc", "third_party\protobuf\protoc.vcxproj", "{406A8721-3429-33E7-B5A1-FDF3A492B017}"
	ProjectSection(ProjectDependencies) = postProject
		{6BE3B9C0-423D-3ABC-874C-67BA5798F692} = {6BE3B9C0-423D-3ABC-874C-67BA5798F692}
		{8B5D4A8B-07EB-3D9A-BD1C-DB61A3E6FE68} = {8B5D4A8B-07EB-3D9A-BD1C-DB61A3E6FE68}
		{F9A3AC18-A5A6-3902-B09B-4B62BE568743} = {F9A3AC18-A5A6-3902-B09B-4B62BE568743}
	EndProjectSection
EndProject
Project("{8BC9CEB8-8B4A-11D0-8D11-00A0C91BC942}") = "register_benchmark_test", "third_party\benchmark\test\register_benchmark_test.vcxproj", "{5FDB8936-103F-3D6E-A2F6-09465D853D24}"
	ProjectSection(ProjectDependencies) = postProject
		{6BE3B9C0-423D-3ABC-874C-67BA5798F692} = {6BE3B9C0-423D-3ABC-874C-67BA5798F692}
		{054DA2BC-B837-37A5-9AD8-8FCC2E1D6268} = {054DA2BC-B837-37A5-9AD8-8FCC2E1D6268}
	EndProjectSection
EndProject
Project("{8BC9CEB8-8B4A-11D0-8D11-00A0C91BC942}") = "reporter_output_test", "third_party\benchmark\test\reporter_output_test.vcxproj", "{ABF5C47F-8F6D-3AF0-9385-0343680ED3D8}"
	ProjectSection(ProjectDependencies) = postProject
		{6BE3B9C0-423D-3ABC-874C-67BA5798F692} = {6BE3B9C0-423D-3ABC-874C-67BA5798F692}
		{054DA2BC-B837-37A5-9AD8-8FCC2E1D6268} = {054DA2BC-B837-37A5-9AD8-8FCC2E1D6268}
		{48386289-DF33-3143-B511-460785D949BB} = {48386289-DF33-3143-B511-460785D949BB}
	EndProjectSection
EndProject
Project("{8BC9CEB8-8B4A-11D0-8D11-00A0C91BC942}") = "skip_with_error_test", "third_party\benchmark\test\skip_with_error_test.vcxproj", "{1591D911-8E04-3EA7-9DA3-ECF14A2C9388}"
	ProjectSection(ProjectDependencies) = postProject
		{6BE3B9C0-423D-3ABC-874C-67BA5798F692} = {6BE3B9C0-423D-3ABC-874C-67BA5798F692}
		{054DA2BC-B837-37A5-9AD8-8FCC2E1D6268} = {054DA2BC-B837-37A5-9AD8-8FCC2E1D6268}
	EndProjectSection
EndProject
Project("{8BC9CEB8-8B4A-11D0-8D11-00A0C91BC942}") = "tools", "tools.vcxproj", "{C620CF11-5792-3091-A84C-DE930E4E08FE}"
	ProjectSection(ProjectDependencies) = postProject
		{6BE3B9C0-423D-3ABC-874C-67BA5798F692} = {6BE3B9C0-423D-3ABC-874C-67BA5798F692}
		{38A64B73-0F13-3411-9AC1-E8A943FFB577} = {38A64B73-0F13-3411-9AC1-E8A943FFB577}
		{0288621C-C8EA-3D6E-9EE5-FB12B94E62C7} = {0288621C-C8EA-3D6E-9EE5-FB12B94E62C7}
	EndProjectSection
EndProject
Project("{8BC9CEB8-8B4A-11D0-8D11-00A0C91BC942}") = "tools_c", "tools_c.vcxproj", "{38A64B73-0F13-3411-9AC1-E8A943FFB577}"
	ProjectSection(ProjectDependencies) = postProject
		{6BE3B9C0-423D-3ABC-874C-67BA5798F692} = {6BE3B9C0-423D-3ABC-874C-67BA5798F692}
		{D0F3A798-A8E9-3BA4-8252-F6416B2D7223} = {D0F3A798-A8E9-3BA4-8252-F6416B2D7223}
		{09B5FBAC-85E9-35B5-AE7C-A1CD167BE023} = {09B5FBAC-85E9-35B5-AE7C-A1CD167BE023}
		{90FF0B73-2F2F-332A-B6B8-2509EC750552} = {90FF0B73-2F2F-332A-B6B8-2509EC750552}
		{14DB3CF8-74F3-3B86-9B3B-3040C070F200} = {14DB3CF8-74F3-3B86-9B3B-3040C070F200}
		{8DFB0CCD-0996-3246-9734-409E3A24DD40} = {8DFB0CCD-0996-3246-9734-409E3A24DD40}
		{1081CD2B-DB97-317B-8D52-429A56470A42} = {1081CD2B-DB97-317B-8D52-429A56470A42}
		{16BDF767-F888-3FA2-BD0B-A70E86D3EEEA} = {16BDF767-F888-3FA2-BD0B-A70E86D3EEEA}
	EndProjectSection
EndProject
Project("{8BC9CEB8-8B4A-11D0-8D11-00A0C91BC942}") = "tools_cxx", "tools_cxx.vcxproj", "{0288621C-C8EA-3D6E-9EE5-FB12B94E62C7}"
	ProjectSection(ProjectDependencies) = postProject
		{6BE3B9C0-423D-3ABC-874C-67BA5798F692} = {6BE3B9C0-423D-3ABC-874C-67BA5798F692}
	EndProjectSection
EndProject
Project("{8BC9CEB8-8B4A-11D0-8D11-00A0C91BC942}") = "user_counters_tabular_test", "third_party\benchmark\test\user_counters_tabular_test.vcxproj", "{C605031F-E63D-3EF3-89C3-BB7ED3A204D9}"
	ProjectSection(ProjectDependencies) = postProject
		{6BE3B9C0-423D-3ABC-874C-67BA5798F692} = {6BE3B9C0-423D-3ABC-874C-67BA5798F692}
		{054DA2BC-B837-37A5-9AD8-8FCC2E1D6268} = {054DA2BC-B837-37A5-9AD8-8FCC2E1D6268}
		{48386289-DF33-3143-B511-460785D949BB} = {48386289-DF33-3143-B511-460785D949BB}
	EndProjectSection
EndProject
Project("{8BC9CEB8-8B4A-11D0-8D11-00A0C91BC942}") = "user_counters_test", "third_party\benchmark\test\user_counters_test.vcxproj", "{EF25F87A-BF15-3845-A0F0-91E426896245}"
	ProjectSection(ProjectDependencies) = postProject
		{6BE3B9C0-423D-3ABC-874C-67BA5798F692} = {6BE3B9C0-423D-3ABC-874C-67BA5798F692}
		{054DA2BC-B837-37A5-9AD8-8FCC2E1D6268} = {054DA2BC-B837-37A5-9AD8-8FCC2E1D6268}
		{48386289-DF33-3143-B511-460785D949BB} = {48386289-DF33-3143-B511-460785D949BB}
	EndProjectSection
EndProject
Project("{8BC9CEB8-8B4A-11D0-8D11-00A0C91BC942}") = "zlib", "third_party\zlib\zlib.vcxproj", "{9E76D6C3-CEC8-3FA3-8BC9-66327F01194D}"
	ProjectSection(ProjectDependencies) = postProject
		{6BE3B9C0-423D-3ABC-874C-67BA5798F692} = {6BE3B9C0-423D-3ABC-874C-67BA5798F692}
	EndProjectSection
EndProject
Project("{8BC9CEB8-8B4A-11D0-8D11-00A0C91BC942}") = "zlibstatic", "third_party\zlib\zlibstatic.vcxproj", "{74B3A721-F625-3220-8307-2848A70B7008}"
	ProjectSection(ProjectDependencies) = postProject
		{6BE3B9C0-423D-3ABC-874C-67BA5798F692} = {6BE3B9C0-423D-3ABC-874C-67BA5798F692}
	EndProjectSection
EndProject
Global
	GlobalSection(SolutionConfigurationPlatforms) = preSolution
		Debug|x64 = Debug|x64
		Release|x64 = Release|x64
		MinSizeRel|x64 = MinSizeRel|x64
		RelWithDebInfo|x64 = RelWithDebInfo|x64
	EndGlobalSection
	GlobalSection(ProjectConfigurationPlatforms) = postSolution
		{19C28958-0AE1-3EF4-962F-ABA5AA1E4CA7}.Debug|x64.ActiveCfg = Debug|x64
		{19C28958-0AE1-3EF4-962F-ABA5AA1E4CA7}.Debug|x64.Build.0 = Debug|x64
		{19C28958-0AE1-3EF4-962F-ABA5AA1E4CA7}.Release|x64.ActiveCfg = Release|x64
		{19C28958-0AE1-3EF4-962F-ABA5AA1E4CA7}.Release|x64.Build.0 = Release|x64
		{19C28958-0AE1-3EF4-962F-ABA5AA1E4CA7}.MinSizeRel|x64.ActiveCfg = MinSizeRel|x64
		{19C28958-0AE1-3EF4-962F-ABA5AA1E4CA7}.MinSizeRel|x64.Build.0 = MinSizeRel|x64
		{19C28958-0AE1-3EF4-962F-ABA5AA1E4CA7}.RelWithDebInfo|x64.ActiveCfg = RelWithDebInfo|x64
		{19C28958-0AE1-3EF4-962F-ABA5AA1E4CA7}.RelWithDebInfo|x64.Build.0 = RelWithDebInfo|x64
		{2C8A7C91-765E-372F-AE5B-43A36F47F2C8}.Debug|x64.ActiveCfg = Debug|x64
		{2C8A7C91-765E-372F-AE5B-43A36F47F2C8}.Release|x64.ActiveCfg = Release|x64
		{2C8A7C91-765E-372F-AE5B-43A36F47F2C8}.MinSizeRel|x64.ActiveCfg = MinSizeRel|x64
		{2C8A7C91-765E-372F-AE5B-43A36F47F2C8}.RelWithDebInfo|x64.ActiveCfg = RelWithDebInfo|x64
		{6BE3B9C0-423D-3ABC-874C-67BA5798F692}.Debug|x64.ActiveCfg = Debug|x64
		{6BE3B9C0-423D-3ABC-874C-67BA5798F692}.Debug|x64.Build.0 = Debug|x64
		{6BE3B9C0-423D-3ABC-874C-67BA5798F692}.Release|x64.ActiveCfg = Release|x64
		{6BE3B9C0-423D-3ABC-874C-67BA5798F692}.Release|x64.Build.0 = Release|x64
		{6BE3B9C0-423D-3ABC-874C-67BA5798F692}.MinSizeRel|x64.ActiveCfg = MinSizeRel|x64
		{6BE3B9C0-423D-3ABC-874C-67BA5798F692}.MinSizeRel|x64.Build.0 = MinSizeRel|x64
		{6BE3B9C0-423D-3ABC-874C-67BA5798F692}.RelWithDebInfo|x64.ActiveCfg = RelWithDebInfo|x64
		{6BE3B9C0-423D-3ABC-874C-67BA5798F692}.RelWithDebInfo|x64.Build.0 = RelWithDebInfo|x64
		{60163BF4-5077-383F-AD77-D58A12272851}.Debug|x64.ActiveCfg = Debug|x64
		{60163BF4-5077-383F-AD77-D58A12272851}.Debug|x64.Build.0 = Debug|x64
		{60163BF4-5077-383F-AD77-D58A12272851}.Release|x64.ActiveCfg = Release|x64
		{60163BF4-5077-383F-AD77-D58A12272851}.Release|x64.Build.0 = Release|x64
		{60163BF4-5077-383F-AD77-D58A12272851}.MinSizeRel|x64.ActiveCfg = MinSizeRel|x64
		{60163BF4-5077-383F-AD77-D58A12272851}.MinSizeRel|x64.Build.0 = MinSizeRel|x64
		{60163BF4-5077-383F-AD77-D58A12272851}.RelWithDebInfo|x64.ActiveCfg = RelWithDebInfo|x64
		{60163BF4-5077-383F-AD77-D58A12272851}.RelWithDebInfo|x64.Build.0 = RelWithDebInfo|x64
		{5D02BE2B-42F7-35DF-889C-3E709683405B}.Debug|x64.ActiveCfg = Debug|x64
		{5D02BE2B-42F7-35DF-889C-3E709683405B}.Debug|x64.Build.0 = Debug|x64
		{5D02BE2B-42F7-35DF-889C-3E709683405B}.Release|x64.ActiveCfg = Release|x64
		{5D02BE2B-42F7-35DF-889C-3E709683405B}.Release|x64.Build.0 = Release|x64
		{5D02BE2B-42F7-35DF-889C-3E709683405B}.MinSizeRel|x64.ActiveCfg = MinSizeRel|x64
		{5D02BE2B-42F7-35DF-889C-3E709683405B}.MinSizeRel|x64.Build.0 = MinSizeRel|x64
		{5D02BE2B-42F7-35DF-889C-3E709683405B}.RelWithDebInfo|x64.ActiveCfg = RelWithDebInfo|x64
		{5D02BE2B-42F7-35DF-889C-3E709683405B}.RelWithDebInfo|x64.Build.0 = RelWithDebInfo|x64
		{0EF3716C-7445-3D64-A120-1DE8FE1CB33C}.Debug|x64.ActiveCfg = Debug|x64
		{0EF3716C-7445-3D64-A120-1DE8FE1CB33C}.Debug|x64.Build.0 = Debug|x64
		{0EF3716C-7445-3D64-A120-1DE8FE1CB33C}.Release|x64.ActiveCfg = Release|x64
		{0EF3716C-7445-3D64-A120-1DE8FE1CB33C}.Release|x64.Build.0 = Release|x64
		{0EF3716C-7445-3D64-A120-1DE8FE1CB33C}.MinSizeRel|x64.ActiveCfg = MinSizeRel|x64
		{0EF3716C-7445-3D64-A120-1DE8FE1CB33C}.MinSizeRel|x64.Build.0 = MinSizeRel|x64
		{0EF3716C-7445-3D64-A120-1DE8FE1CB33C}.RelWithDebInfo|x64.ActiveCfg = RelWithDebInfo|x64
		{0EF3716C-7445-3D64-A120-1DE8FE1CB33C}.RelWithDebInfo|x64.Build.0 = RelWithDebInfo|x64
		{B5B0554D-A3A3-3C2F-8EB1-1FF160D028E8}.Debug|x64.ActiveCfg = Debug|x64
		{B5B0554D-A3A3-3C2F-8EB1-1FF160D028E8}.Debug|x64.Build.0 = Debug|x64
		{B5B0554D-A3A3-3C2F-8EB1-1FF160D028E8}.Release|x64.ActiveCfg = Release|x64
		{B5B0554D-A3A3-3C2F-8EB1-1FF160D028E8}.Release|x64.Build.0 = Release|x64
		{B5B0554D-A3A3-3C2F-8EB1-1FF160D028E8}.MinSizeRel|x64.ActiveCfg = MinSizeRel|x64
		{B5B0554D-A3A3-3C2F-8EB1-1FF160D028E8}.MinSizeRel|x64.Build.0 = MinSizeRel|x64
		{B5B0554D-A3A3-3C2F-8EB1-1FF160D028E8}.RelWithDebInfo|x64.ActiveCfg = RelWithDebInfo|x64
		{B5B0554D-A3A3-3C2F-8EB1-1FF160D028E8}.RelWithDebInfo|x64.Build.0 = RelWithDebInfo|x64
		{43639BA1-456F-3704-8C94-7D4B0B091D77}.Debug|x64.ActiveCfg = Debug|x64
		{43639BA1-456F-3704-8C94-7D4B0B091D77}.Debug|x64.Build.0 = Debug|x64
		{43639BA1-456F-3704-8C94-7D4B0B091D77}.Release|x64.ActiveCfg = Release|x64
		{43639BA1-456F-3704-8C94-7D4B0B091D77}.Release|x64.Build.0 = Release|x64
		{43639BA1-456F-3704-8C94-7D4B0B091D77}.MinSizeRel|x64.ActiveCfg = MinSizeRel|x64
		{43639BA1-456F-3704-8C94-7D4B0B091D77}.MinSizeRel|x64.Build.0 = MinSizeRel|x64
		{43639BA1-456F-3704-8C94-7D4B0B091D77}.RelWithDebInfo|x64.ActiveCfg = RelWithDebInfo|x64
		{43639BA1-456F-3704-8C94-7D4B0B091D77}.RelWithDebInfo|x64.Build.0 = RelWithDebInfo|x64
		{054DA2BC-B837-37A5-9AD8-8FCC2E1D6268}.Debug|x64.ActiveCfg = Debug|x64
		{054DA2BC-B837-37A5-9AD8-8FCC2E1D6268}.Debug|x64.Build.0 = Debug|x64
		{054DA2BC-B837-37A5-9AD8-8FCC2E1D6268}.Release|x64.ActiveCfg = Release|x64
		{054DA2BC-B837-37A5-9AD8-8FCC2E1D6268}.Release|x64.Build.0 = Release|x64
		{054DA2BC-B837-37A5-9AD8-8FCC2E1D6268}.MinSizeRel|x64.ActiveCfg = MinSizeRel|x64
		{054DA2BC-B837-37A5-9AD8-8FCC2E1D6268}.MinSizeRel|x64.Build.0 = MinSizeRel|x64
		{054DA2BC-B837-37A5-9AD8-8FCC2E1D6268}.RelWithDebInfo|x64.ActiveCfg = RelWithDebInfo|x64
		{054DA2BC-B837-37A5-9AD8-8FCC2E1D6268}.RelWithDebInfo|x64.Build.0 = RelWithDebInfo|x64
		{0C0028F1-9CD5-3741-B7EF-D5CD4F646CED}.Debug|x64.ActiveCfg = Debug|x64
		{0C0028F1-9CD5-3741-B7EF-D5CD4F646CED}.Debug|x64.Build.0 = Debug|x64
		{0C0028F1-9CD5-3741-B7EF-D5CD4F646CED}.Release|x64.ActiveCfg = Release|x64
		{0C0028F1-9CD5-3741-B7EF-D5CD4F646CED}.Release|x64.Build.0 = Release|x64
		{0C0028F1-9CD5-3741-B7EF-D5CD4F646CED}.MinSizeRel|x64.ActiveCfg = MinSizeRel|x64
		{0C0028F1-9CD5-3741-B7EF-D5CD4F646CED}.MinSizeRel|x64.Build.0 = MinSizeRel|x64
		{0C0028F1-9CD5-3741-B7EF-D5CD4F646CED}.RelWithDebInfo|x64.ActiveCfg = RelWithDebInfo|x64
		{0C0028F1-9CD5-3741-B7EF-D5CD4F646CED}.RelWithDebInfo|x64.Build.0 = RelWithDebInfo|x64
		{90BEDB00-84D5-3FEE-A23A-10507A202D7B}.Debug|x64.ActiveCfg = Debug|x64
		{90BEDB00-84D5-3FEE-A23A-10507A202D7B}.Debug|x64.Build.0 = Debug|x64
		{90BEDB00-84D5-3FEE-A23A-10507A202D7B}.Release|x64.ActiveCfg = Release|x64
		{90BEDB00-84D5-3FEE-A23A-10507A202D7B}.Release|x64.Build.0 = Release|x64
		{90BEDB00-84D5-3FEE-A23A-10507A202D7B}.MinSizeRel|x64.ActiveCfg = MinSizeRel|x64
		{90BEDB00-84D5-3FEE-A23A-10507A202D7B}.MinSizeRel|x64.Build.0 = MinSizeRel|x64
		{90BEDB00-84D5-3FEE-A23A-10507A202D7B}.RelWithDebInfo|x64.ActiveCfg = RelWithDebInfo|x64
		{90BEDB00-84D5-3FEE-A23A-10507A202D7B}.RelWithDebInfo|x64.Build.0 = RelWithDebInfo|x64
		{D0F3A798-A8E9-3BA4-8252-F6416B2D7223}.Debug|x64.ActiveCfg = Debug|x64
		{D0F3A798-A8E9-3BA4-8252-F6416B2D7223}.Debug|x64.Build.0 = Debug|x64
		{D0F3A798-A8E9-3BA4-8252-F6416B2D7223}.Release|x64.ActiveCfg = Release|x64
		{D0F3A798-A8E9-3BA4-8252-F6416B2D7223}.Release|x64.Build.0 = Release|x64
		{D0F3A798-A8E9-3BA4-8252-F6416B2D7223}.MinSizeRel|x64.ActiveCfg = MinSizeRel|x64
		{D0F3A798-A8E9-3BA4-8252-F6416B2D7223}.MinSizeRel|x64.Build.0 = MinSizeRel|x64
		{D0F3A798-A8E9-3BA4-8252-F6416B2D7223}.RelWithDebInfo|x64.ActiveCfg = RelWithDebInfo|x64
		{D0F3A798-A8E9-3BA4-8252-F6416B2D7223}.RelWithDebInfo|x64.Build.0 = RelWithDebInfo|x64
		{A53E96C8-64E1-31AE-9DF3-3CADC9086660}.Debug|x64.ActiveCfg = Debug|x64
		{A53E96C8-64E1-31AE-9DF3-3CADC9086660}.Debug|x64.Build.0 = Debug|x64
		{A53E96C8-64E1-31AE-9DF3-3CADC9086660}.Release|x64.ActiveCfg = Release|x64
		{A53E96C8-64E1-31AE-9DF3-3CADC9086660}.Release|x64.Build.0 = Release|x64
		{A53E96C8-64E1-31AE-9DF3-3CADC9086660}.MinSizeRel|x64.ActiveCfg = MinSizeRel|x64
		{A53E96C8-64E1-31AE-9DF3-3CADC9086660}.MinSizeRel|x64.Build.0 = MinSizeRel|x64
		{A53E96C8-64E1-31AE-9DF3-3CADC9086660}.RelWithDebInfo|x64.ActiveCfg = RelWithDebInfo|x64
		{A53E96C8-64E1-31AE-9DF3-3CADC9086660}.RelWithDebInfo|x64.Build.0 = RelWithDebInfo|x64
		{75FB4FBC-1F6A-3CD2-8BE0-7D1F8AF676B8}.Debug|x64.ActiveCfg = Debug|x64
		{75FB4FBC-1F6A-3CD2-8BE0-7D1F8AF676B8}.Debug|x64.Build.0 = Debug|x64
		{75FB4FBC-1F6A-3CD2-8BE0-7D1F8AF676B8}.Release|x64.ActiveCfg = Release|x64
		{75FB4FBC-1F6A-3CD2-8BE0-7D1F8AF676B8}.Release|x64.Build.0 = Release|x64
		{75FB4FBC-1F6A-3CD2-8BE0-7D1F8AF676B8}.MinSizeRel|x64.ActiveCfg = MinSizeRel|x64
		{75FB4FBC-1F6A-3CD2-8BE0-7D1F8AF676B8}.MinSizeRel|x64.Build.0 = MinSizeRel|x64
		{75FB4FBC-1F6A-3CD2-8BE0-7D1F8AF676B8}.RelWithDebInfo|x64.ActiveCfg = RelWithDebInfo|x64
		{75FB4FBC-1F6A-3CD2-8BE0-7D1F8AF676B8}.RelWithDebInfo|x64.Build.0 = RelWithDebInfo|x64
		{69B377BC-ADEB-34B6-A7F3-0E0FF7378583}.Debug|x64.ActiveCfg = Debug|x64
		{69B377BC-ADEB-34B6-A7F3-0E0FF7378583}.Debug|x64.Build.0 = Debug|x64
		{69B377BC-ADEB-34B6-A7F3-0E0FF7378583}.Release|x64.ActiveCfg = Release|x64
		{69B377BC-ADEB-34B6-A7F3-0E0FF7378583}.Release|x64.Build.0 = Release|x64
		{69B377BC-ADEB-34B6-A7F3-0E0FF7378583}.MinSizeRel|x64.ActiveCfg = MinSizeRel|x64
		{69B377BC-ADEB-34B6-A7F3-0E0FF7378583}.MinSizeRel|x64.Build.0 = MinSizeRel|x64
		{69B377BC-ADEB-34B6-A7F3-0E0FF7378583}.RelWithDebInfo|x64.ActiveCfg = RelWithDebInfo|x64
		{69B377BC-ADEB-34B6-A7F3-0E0FF7378583}.RelWithDebInfo|x64.Build.0 = RelWithDebInfo|x64
		{4C3A4794-DAA7-3725-9A58-B406B3FC5CC8}.Debug|x64.ActiveCfg = Debug|x64
		{4C3A4794-DAA7-3725-9A58-B406B3FC5CC8}.Debug|x64.Build.0 = Debug|x64
		{4C3A4794-DAA7-3725-9A58-B406B3FC5CC8}.Release|x64.ActiveCfg = Release|x64
		{4C3A4794-DAA7-3725-9A58-B406B3FC5CC8}.Release|x64.Build.0 = Release|x64
		{4C3A4794-DAA7-3725-9A58-B406B3FC5CC8}.MinSizeRel|x64.ActiveCfg = MinSizeRel|x64
		{4C3A4794-DAA7-3725-9A58-B406B3FC5CC8}.MinSizeRel|x64.Build.0 = MinSizeRel|x64
		{4C3A4794-DAA7-3725-9A58-B406B3FC5CC8}.RelWithDebInfo|x64.ActiveCfg = RelWithDebInfo|x64
		{4C3A4794-DAA7-3725-9A58-B406B3FC5CC8}.RelWithDebInfo|x64.Build.0 = RelWithDebInfo|x64
		{5A470C60-DDAF-3817-9442-26AF436BEA55}.Debug|x64.ActiveCfg = Debug|x64
		{5A470C60-DDAF-3817-9442-26AF436BEA55}.Debug|x64.Build.0 = Debug|x64
		{5A470C60-DDAF-3817-9442-26AF436BEA55}.Release|x64.ActiveCfg = Release|x64
		{5A470C60-DDAF-3817-9442-26AF436BEA55}.Release|x64.Build.0 = Release|x64
		{5A470C60-DDAF-3817-9442-26AF436BEA55}.MinSizeRel|x64.ActiveCfg = MinSizeRel|x64
		{5A470C60-DDAF-3817-9442-26AF436BEA55}.MinSizeRel|x64.Build.0 = MinSizeRel|x64
		{5A470C60-DDAF-3817-9442-26AF436BEA55}.RelWithDebInfo|x64.ActiveCfg = RelWithDebInfo|x64
		{5A470C60-DDAF-3817-9442-26AF436BEA55}.RelWithDebInfo|x64.Build.0 = RelWithDebInfo|x64
		{0BC9A8F9-52F2-3E58-89CE-89B0CE3F7B06}.Debug|x64.ActiveCfg = Debug|x64
		{0BC9A8F9-52F2-3E58-89CE-89B0CE3F7B06}.Debug|x64.Build.0 = Debug|x64
		{0BC9A8F9-52F2-3E58-89CE-89B0CE3F7B06}.Release|x64.ActiveCfg = Release|x64
		{0BC9A8F9-52F2-3E58-89CE-89B0CE3F7B06}.Release|x64.Build.0 = Release|x64
		{0BC9A8F9-52F2-3E58-89CE-89B0CE3F7B06}.MinSizeRel|x64.ActiveCfg = MinSizeRel|x64
		{0BC9A8F9-52F2-3E58-89CE-89B0CE3F7B06}.MinSizeRel|x64.Build.0 = MinSizeRel|x64
		{0BC9A8F9-52F2-3E58-89CE-89B0CE3F7B06}.RelWithDebInfo|x64.ActiveCfg = RelWithDebInfo|x64
		{0BC9A8F9-52F2-3E58-89CE-89B0CE3F7B06}.RelWithDebInfo|x64.Build.0 = RelWithDebInfo|x64
		{09B5FBAC-85E9-35B5-AE7C-A1CD167BE023}.Debug|x64.ActiveCfg = Debug|x64
		{09B5FBAC-85E9-35B5-AE7C-A1CD167BE023}.Debug|x64.Build.0 = Debug|x64
		{09B5FBAC-85E9-35B5-AE7C-A1CD167BE023}.Release|x64.ActiveCfg = Release|x64
		{09B5FBAC-85E9-35B5-AE7C-A1CD167BE023}.Release|x64.Build.0 = Release|x64
		{09B5FBAC-85E9-35B5-AE7C-A1CD167BE023}.MinSizeRel|x64.ActiveCfg = MinSizeRel|x64
		{09B5FBAC-85E9-35B5-AE7C-A1CD167BE023}.MinSizeRel|x64.Build.0 = MinSizeRel|x64
		{09B5FBAC-85E9-35B5-AE7C-A1CD167BE023}.RelWithDebInfo|x64.ActiveCfg = RelWithDebInfo|x64
		{09B5FBAC-85E9-35B5-AE7C-A1CD167BE023}.RelWithDebInfo|x64.Build.0 = RelWithDebInfo|x64
		{90FF0B73-2F2F-332A-B6B8-2509EC750552}.Debug|x64.ActiveCfg = Debug|x64
		{90FF0B73-2F2F-332A-B6B8-2509EC750552}.Debug|x64.Build.0 = Debug|x64
		{90FF0B73-2F2F-332A-B6B8-2509EC750552}.Release|x64.ActiveCfg = Release|x64
		{90FF0B73-2F2F-332A-B6B8-2509EC750552}.Release|x64.Build.0 = Release|x64
		{90FF0B73-2F2F-332A-B6B8-2509EC750552}.MinSizeRel|x64.ActiveCfg = MinSizeRel|x64
		{90FF0B73-2F2F-332A-B6B8-2509EC750552}.MinSizeRel|x64.Build.0 = MinSizeRel|x64
		{90FF0B73-2F2F-332A-B6B8-2509EC750552}.RelWithDebInfo|x64.ActiveCfg = RelWithDebInfo|x64
		{90FF0B73-2F2F-332A-B6B8-2509EC750552}.RelWithDebInfo|x64.Build.0 = RelWithDebInfo|x64
		{14DB3CF8-74F3-3B86-9B3B-3040C070F200}.Debug|x64.ActiveCfg = Debug|x64
		{14DB3CF8-74F3-3B86-9B3B-3040C070F200}.Debug|x64.Build.0 = Debug|x64
		{14DB3CF8-74F3-3B86-9B3B-3040C070F200}.Release|x64.ActiveCfg = Release|x64
		{14DB3CF8-74F3-3B86-9B3B-3040C070F200}.Release|x64.Build.0 = Release|x64
		{14DB3CF8-74F3-3B86-9B3B-3040C070F200}.MinSizeRel|x64.ActiveCfg = MinSizeRel|x64
		{14DB3CF8-74F3-3B86-9B3B-3040C070F200}.MinSizeRel|x64.Build.0 = MinSizeRel|x64
		{14DB3CF8-74F3-3B86-9B3B-3040C070F200}.RelWithDebInfo|x64.ActiveCfg = RelWithDebInfo|x64
		{14DB3CF8-74F3-3B86-9B3B-3040C070F200}.RelWithDebInfo|x64.Build.0 = RelWithDebInfo|x64
		{ED7DF26D-D405-3268-A23F-D043C1272F3B}.Debug|x64.ActiveCfg = Debug|x64
		{ED7DF26D-D405-3268-A23F-D043C1272F3B}.Debug|x64.Build.0 = Debug|x64
		{ED7DF26D-D405-3268-A23F-D043C1272F3B}.Release|x64.ActiveCfg = Release|x64
		{ED7DF26D-D405-3268-A23F-D043C1272F3B}.Release|x64.Build.0 = Release|x64
		{ED7DF26D-D405-3268-A23F-D043C1272F3B}.MinSizeRel|x64.ActiveCfg = MinSizeRel|x64
		{ED7DF26D-D405-3268-A23F-D043C1272F3B}.MinSizeRel|x64.Build.0 = MinSizeRel|x64
		{ED7DF26D-D405-3268-A23F-D043C1272F3B}.RelWithDebInfo|x64.ActiveCfg = RelWithDebInfo|x64
		{ED7DF26D-D405-3268-A23F-D043C1272F3B}.RelWithDebInfo|x64.Build.0 = RelWithDebInfo|x64
		{3C71E8BE-FBA3-36D1-AF1B-D77628124A0A}.Debug|x64.ActiveCfg = Debug|x64
		{3C71E8BE-FBA3-36D1-AF1B-D77628124A0A}.Debug|x64.Build.0 = Debug|x64
		{3C71E8BE-FBA3-36D1-AF1B-D77628124A0A}.Release|x64.ActiveCfg = Release|x64
		{3C71E8BE-FBA3-36D1-AF1B-D77628124A0A}.Release|x64.Build.0 = Release|x64
		{3C71E8BE-FBA3-36D1-AF1B-D77628124A0A}.MinSizeRel|x64.ActiveCfg = MinSizeRel|x64
		{3C71E8BE-FBA3-36D1-AF1B-D77628124A0A}.MinSizeRel|x64.Build.0 = MinSizeRel|x64
		{3C71E8BE-FBA3-36D1-AF1B-D77628124A0A}.RelWithDebInfo|x64.ActiveCfg = RelWithDebInfo|x64
		{3C71E8BE-FBA3-36D1-AF1B-D77628124A0A}.RelWithDebInfo|x64.Build.0 = RelWithDebInfo|x64
		{DEE6AC81-FF93-3F9B-B51A-C73677F4B041}.Debug|x64.ActiveCfg = Debug|x64
		{DEE6AC81-FF93-3F9B-B51A-C73677F4B041}.Debug|x64.Build.0 = Debug|x64
		{DEE6AC81-FF93-3F9B-B51A-C73677F4B041}.Release|x64.ActiveCfg = Release|x64
		{DEE6AC81-FF93-3F9B-B51A-C73677F4B041}.Release|x64.Build.0 = Release|x64
		{DEE6AC81-FF93-3F9B-B51A-C73677F4B041}.MinSizeRel|x64.ActiveCfg = MinSizeRel|x64
		{DEE6AC81-FF93-3F9B-B51A-C73677F4B041}.MinSizeRel|x64.Build.0 = MinSizeRel|x64
		{DEE6AC81-FF93-3F9B-B51A-C73677F4B041}.RelWithDebInfo|x64.ActiveCfg = RelWithDebInfo|x64
		{DEE6AC81-FF93-3F9B-B51A-C73677F4B041}.RelWithDebInfo|x64.Build.0 = RelWithDebInfo|x64
		{870C57CF-421B-3976-A7DB-3B2A8EFF054A}.Debug|x64.ActiveCfg = Debug|x64
		{870C57CF-421B-3976-A7DB-3B2A8EFF054A}.Debug|x64.Build.0 = Debug|x64
		{870C57CF-421B-3976-A7DB-3B2A8EFF054A}.Release|x64.ActiveCfg = Release|x64
		{870C57CF-421B-3976-A7DB-3B2A8EFF054A}.Release|x64.Build.0 = Release|x64
		{870C57CF-421B-3976-A7DB-3B2A8EFF054A}.MinSizeRel|x64.ActiveCfg = MinSizeRel|x64
		{870C57CF-421B-3976-A7DB-3B2A8EFF054A}.MinSizeRel|x64.Build.0 = MinSizeRel|x64
		{870C57CF-421B-3976-A7DB-3B2A8EFF054A}.RelWithDebInfo|x64.ActiveCfg = RelWithDebInfo|x64
		{870C57CF-421B-3976-A7DB-3B2A8EFF054A}.RelWithDebInfo|x64.Build.0 = RelWithDebInfo|x64
		{165C7DF9-637F-3A35-869E-483AB4DE811F}.Debug|x64.ActiveCfg = Debug|x64
		{165C7DF9-637F-3A35-869E-483AB4DE811F}.Debug|x64.Build.0 = Debug|x64
		{165C7DF9-637F-3A35-869E-483AB4DE811F}.Release|x64.ActiveCfg = Release|x64
		{165C7DF9-637F-3A35-869E-483AB4DE811F}.Release|x64.Build.0 = Release|x64
		{165C7DF9-637F-3A35-869E-483AB4DE811F}.MinSizeRel|x64.ActiveCfg = MinSizeRel|x64
		{165C7DF9-637F-3A35-869E-483AB4DE811F}.MinSizeRel|x64.Build.0 = MinSizeRel|x64
		{165C7DF9-637F-3A35-869E-483AB4DE811F}.RelWithDebInfo|x64.ActiveCfg = RelWithDebInfo|x64
		{165C7DF9-637F-3A35-869E-483AB4DE811F}.RelWithDebInfo|x64.Build.0 = RelWithDebInfo|x64
		{B88B7703-F21B-3472-958C-D9E797C5A3E1}.Debug|x64.ActiveCfg = Debug|x64
		{B88B7703-F21B-3472-958C-D9E797C5A3E1}.Debug|x64.Build.0 = Debug|x64
		{B88B7703-F21B-3472-958C-D9E797C5A3E1}.Release|x64.ActiveCfg = Release|x64
		{B88B7703-F21B-3472-958C-D9E797C5A3E1}.Release|x64.Build.0 = Release|x64
		{B88B7703-F21B-3472-958C-D9E797C5A3E1}.MinSizeRel|x64.ActiveCfg = MinSizeRel|x64
		{B88B7703-F21B-3472-958C-D9E797C5A3E1}.MinSizeRel|x64.Build.0 = MinSizeRel|x64
		{B88B7703-F21B-3472-958C-D9E797C5A3E1}.RelWithDebInfo|x64.ActiveCfg = RelWithDebInfo|x64
		{B88B7703-F21B-3472-958C-D9E797C5A3E1}.RelWithDebInfo|x64.Build.0 = RelWithDebInfo|x64
		{25121161-8684-383E-B405-4CEB02B7FB0B}.Debug|x64.ActiveCfg = Debug|x64
		{25121161-8684-383E-B405-4CEB02B7FB0B}.Debug|x64.Build.0 = Debug|x64
		{25121161-8684-383E-B405-4CEB02B7FB0B}.Release|x64.ActiveCfg = Release|x64
		{25121161-8684-383E-B405-4CEB02B7FB0B}.Release|x64.Build.0 = Release|x64
		{25121161-8684-383E-B405-4CEB02B7FB0B}.MinSizeRel|x64.ActiveCfg = MinSizeRel|x64
		{25121161-8684-383E-B405-4CEB02B7FB0B}.MinSizeRel|x64.Build.0 = MinSizeRel|x64
		{25121161-8684-383E-B405-4CEB02B7FB0B}.RelWithDebInfo|x64.ActiveCfg = RelWithDebInfo|x64
		{25121161-8684-383E-B405-4CEB02B7FB0B}.RelWithDebInfo|x64.Build.0 = RelWithDebInfo|x64
		{A6B580C3-F338-3B26-A007-D2178CBB9306}.Debug|x64.ActiveCfg = Debug|x64
		{A6B580C3-F338-3B26-A007-D2178CBB9306}.Debug|x64.Build.0 = Debug|x64
		{A6B580C3-F338-3B26-A007-D2178CBB9306}.Release|x64.ActiveCfg = Release|x64
		{A6B580C3-F338-3B26-A007-D2178CBB9306}.Release|x64.Build.0 = Release|x64
		{A6B580C3-F338-3B26-A007-D2178CBB9306}.MinSizeRel|x64.ActiveCfg = MinSizeRel|x64
		{A6B580C3-F338-3B26-A007-D2178CBB9306}.MinSizeRel|x64.Build.0 = MinSizeRel|x64
		{A6B580C3-F338-3B26-A007-D2178CBB9306}.RelWithDebInfo|x64.ActiveCfg = RelWithDebInfo|x64
		{A6B580C3-F338-3B26-A007-D2178CBB9306}.RelWithDebInfo|x64.Build.0 = RelWithDebInfo|x64
		{DD0F6941-1EF9-3B69-B64F-A2A2F5D4736B}.Debug|x64.ActiveCfg = Debug|x64
		{DD0F6941-1EF9-3B69-B64F-A2A2F5D4736B}.Debug|x64.Build.0 = Debug|x64
		{DD0F6941-1EF9-3B69-B64F-A2A2F5D4736B}.Release|x64.ActiveCfg = Release|x64
		{DD0F6941-1EF9-3B69-B64F-A2A2F5D4736B}.Release|x64.Build.0 = Release|x64
		{DD0F6941-1EF9-3B69-B64F-A2A2F5D4736B}.MinSizeRel|x64.ActiveCfg = MinSizeRel|x64
		{DD0F6941-1EF9-3B69-B64F-A2A2F5D4736B}.MinSizeRel|x64.Build.0 = MinSizeRel|x64
		{DD0F6941-1EF9-3B69-B64F-A2A2F5D4736B}.RelWithDebInfo|x64.ActiveCfg = RelWithDebInfo|x64
		{DD0F6941-1EF9-3B69-B64F-A2A2F5D4736B}.RelWithDebInfo|x64.Build.0 = RelWithDebInfo|x64
		{9459D83C-D23F-3586-B409-6EFADFD279A0}.Debug|x64.ActiveCfg = Debug|x64
		{9459D83C-D23F-3586-B409-6EFADFD279A0}.Debug|x64.Build.0 = Debug|x64
		{9459D83C-D23F-3586-B409-6EFADFD279A0}.Release|x64.ActiveCfg = Release|x64
		{9459D83C-D23F-3586-B409-6EFADFD279A0}.Release|x64.Build.0 = Release|x64
		{9459D83C-D23F-3586-B409-6EFADFD279A0}.MinSizeRel|x64.ActiveCfg = MinSizeRel|x64
		{9459D83C-D23F-3586-B409-6EFADFD279A0}.MinSizeRel|x64.Build.0 = MinSizeRel|x64
		{9459D83C-D23F-3586-B409-6EFADFD279A0}.RelWithDebInfo|x64.ActiveCfg = RelWithDebInfo|x64
		{9459D83C-D23F-3586-B409-6EFADFD279A0}.RelWithDebInfo|x64.Build.0 = RelWithDebInfo|x64
		{8DFB0CCD-0996-3246-9734-409E3A24DD40}.Debug|x64.ActiveCfg = Debug|x64
		{8DFB0CCD-0996-3246-9734-409E3A24DD40}.Debug|x64.Build.0 = Debug|x64
		{8DFB0CCD-0996-3246-9734-409E3A24DD40}.Release|x64.ActiveCfg = Release|x64
		{8DFB0CCD-0996-3246-9734-409E3A24DD40}.Release|x64.Build.0 = Release|x64
		{8DFB0CCD-0996-3246-9734-409E3A24DD40}.MinSizeRel|x64.ActiveCfg = MinSizeRel|x64
		{8DFB0CCD-0996-3246-9734-409E3A24DD40}.MinSizeRel|x64.Build.0 = MinSizeRel|x64
		{8DFB0CCD-0996-3246-9734-409E3A24DD40}.RelWithDebInfo|x64.ActiveCfg = RelWithDebInfo|x64
		{8DFB0CCD-0996-3246-9734-409E3A24DD40}.RelWithDebInfo|x64.Build.0 = RelWithDebInfo|x64
		{CF1E5D63-B40A-38D0-91DB-31F9986823BF}.Debug|x64.ActiveCfg = Debug|x64
		{CF1E5D63-B40A-38D0-91DB-31F9986823BF}.Debug|x64.Build.0 = Debug|x64
		{CF1E5D63-B40A-38D0-91DB-31F9986823BF}.Release|x64.ActiveCfg = Release|x64
		{CF1E5D63-B40A-38D0-91DB-31F9986823BF}.Release|x64.Build.0 = Release|x64
		{CF1E5D63-B40A-38D0-91DB-31F9986823BF}.MinSizeRel|x64.ActiveCfg = MinSizeRel|x64
		{CF1E5D63-B40A-38D0-91DB-31F9986823BF}.MinSizeRel|x64.Build.0 = MinSizeRel|x64
		{CF1E5D63-B40A-38D0-91DB-31F9986823BF}.RelWithDebInfo|x64.ActiveCfg = RelWithDebInfo|x64
		{CF1E5D63-B40A-38D0-91DB-31F9986823BF}.RelWithDebInfo|x64.Build.0 = RelWithDebInfo|x64
		{DB151EA9-A635-3842-A709-E2FD650CCC73}.Debug|x64.ActiveCfg = Debug|x64
		{DB151EA9-A635-3842-A709-E2FD650CCC73}.Debug|x64.Build.0 = Debug|x64
		{DB151EA9-A635-3842-A709-E2FD650CCC73}.Release|x64.ActiveCfg = Release|x64
		{DB151EA9-A635-3842-A709-E2FD650CCC73}.Release|x64.Build.0 = Release|x64
		{DB151EA9-A635-3842-A709-E2FD650CCC73}.MinSizeRel|x64.ActiveCfg = MinSizeRel|x64
		{DB151EA9-A635-3842-A709-E2FD650CCC73}.MinSizeRel|x64.Build.0 = MinSizeRel|x64
		{DB151EA9-A635-3842-A709-E2FD650CCC73}.RelWithDebInfo|x64.ActiveCfg = RelWithDebInfo|x64
		{DB151EA9-A635-3842-A709-E2FD650CCC73}.RelWithDebInfo|x64.Build.0 = RelWithDebInfo|x64
		{985A2A1B-2948-38C9-8155-50DC731DE5A8}.Debug|x64.ActiveCfg = Debug|x64
		{985A2A1B-2948-38C9-8155-50DC731DE5A8}.Debug|x64.Build.0 = Debug|x64
		{985A2A1B-2948-38C9-8155-50DC731DE5A8}.Release|x64.ActiveCfg = Release|x64
		{985A2A1B-2948-38C9-8155-50DC731DE5A8}.Release|x64.Build.0 = Release|x64
		{985A2A1B-2948-38C9-8155-50DC731DE5A8}.MinSizeRel|x64.ActiveCfg = MinSizeRel|x64
		{985A2A1B-2948-38C9-8155-50DC731DE5A8}.MinSizeRel|x64.Build.0 = MinSizeRel|x64
		{985A2A1B-2948-38C9-8155-50DC731DE5A8}.RelWithDebInfo|x64.ActiveCfg = RelWithDebInfo|x64
		{985A2A1B-2948-38C9-8155-50DC731DE5A8}.RelWithDebInfo|x64.Build.0 = RelWithDebInfo|x64
		{BFD3321F-88C0-3B1A-9157-E9B5BBEB391C}.Debug|x64.ActiveCfg = Debug|x64
		{BFD3321F-88C0-3B1A-9157-E9B5BBEB391C}.Debug|x64.Build.0 = Debug|x64
		{BFD3321F-88C0-3B1A-9157-E9B5BBEB391C}.Release|x64.ActiveCfg = Release|x64
		{BFD3321F-88C0-3B1A-9157-E9B5BBEB391C}.Release|x64.Build.0 = Release|x64
		{BFD3321F-88C0-3B1A-9157-E9B5BBEB391C}.MinSizeRel|x64.ActiveCfg = MinSizeRel|x64
		{BFD3321F-88C0-3B1A-9157-E9B5BBEB391C}.MinSizeRel|x64.Build.0 = MinSizeRel|x64
		{BFD3321F-88C0-3B1A-9157-E9B5BBEB391C}.RelWithDebInfo|x64.ActiveCfg = RelWithDebInfo|x64
		{BFD3321F-88C0-3B1A-9157-E9B5BBEB391C}.RelWithDebInfo|x64.Build.0 = RelWithDebInfo|x64
		{820D6A88-0BD8-38AF-BD68-CA06495D287B}.Debug|x64.ActiveCfg = Debug|x64
		{820D6A88-0BD8-38AF-BD68-CA06495D287B}.Debug|x64.Build.0 = Debug|x64
		{820D6A88-0BD8-38AF-BD68-CA06495D287B}.Release|x64.ActiveCfg = Release|x64
		{820D6A88-0BD8-38AF-BD68-CA06495D287B}.Release|x64.Build.0 = Release|x64
		{820D6A88-0BD8-38AF-BD68-CA06495D287B}.MinSizeRel|x64.ActiveCfg = MinSizeRel|x64
		{820D6A88-0BD8-38AF-BD68-CA06495D287B}.MinSizeRel|x64.Build.0 = MinSizeRel|x64
		{820D6A88-0BD8-38AF-BD68-CA06495D287B}.RelWithDebInfo|x64.ActiveCfg = RelWithDebInfo|x64
		{820D6A88-0BD8-38AF-BD68-CA06495D287B}.RelWithDebInfo|x64.Build.0 = RelWithDebInfo|x64
		{06504687-A874-34F7-906C-1A3A4F4092D1}.Debug|x64.ActiveCfg = Debug|x64
		{06504687-A874-34F7-906C-1A3A4F4092D1}.Debug|x64.Build.0 = Debug|x64
		{06504687-A874-34F7-906C-1A3A4F4092D1}.Release|x64.ActiveCfg = Release|x64
		{06504687-A874-34F7-906C-1A3A4F4092D1}.Release|x64.Build.0 = Release|x64
		{06504687-A874-34F7-906C-1A3A4F4092D1}.MinSizeRel|x64.ActiveCfg = MinSizeRel|x64
		{06504687-A874-34F7-906C-1A3A4F4092D1}.MinSizeRel|x64.Build.0 = MinSizeRel|x64
		{06504687-A874-34F7-906C-1A3A4F4092D1}.RelWithDebInfo|x64.ActiveCfg = RelWithDebInfo|x64
		{06504687-A874-34F7-906C-1A3A4F4092D1}.RelWithDebInfo|x64.Build.0 = RelWithDebInfo|x64
		{D798429E-14F2-39E6-9C37-CD8126BFA9B8}.Debug|x64.ActiveCfg = Debug|x64
		{D798429E-14F2-39E6-9C37-CD8126BFA9B8}.Debug|x64.Build.0 = Debug|x64
		{D798429E-14F2-39E6-9C37-CD8126BFA9B8}.Release|x64.ActiveCfg = Release|x64
		{D798429E-14F2-39E6-9C37-CD8126BFA9B8}.Release|x64.Build.0 = Release|x64
		{D798429E-14F2-39E6-9C37-CD8126BFA9B8}.MinSizeRel|x64.ActiveCfg = MinSizeRel|x64
		{D798429E-14F2-39E6-9C37-CD8126BFA9B8}.MinSizeRel|x64.Build.0 = MinSizeRel|x64
		{D798429E-14F2-39E6-9C37-CD8126BFA9B8}.RelWithDebInfo|x64.ActiveCfg = RelWithDebInfo|x64
		{D798429E-14F2-39E6-9C37-CD8126BFA9B8}.RelWithDebInfo|x64.Build.0 = RelWithDebInfo|x64
		{1081CD2B-DB97-317B-8D52-429A56470A42}.Debug|x64.ActiveCfg = Debug|x64
		{1081CD2B-DB97-317B-8D52-429A56470A42}.Debug|x64.Build.0 = Debug|x64
		{1081CD2B-DB97-317B-8D52-429A56470A42}.Release|x64.ActiveCfg = Release|x64
		{1081CD2B-DB97-317B-8D52-429A56470A42}.Release|x64.Build.0 = Release|x64
		{1081CD2B-DB97-317B-8D52-429A56470A42}.MinSizeRel|x64.ActiveCfg = MinSizeRel|x64
		{1081CD2B-DB97-317B-8D52-429A56470A42}.MinSizeRel|x64.Build.0 = MinSizeRel|x64
		{1081CD2B-DB97-317B-8D52-429A56470A42}.RelWithDebInfo|x64.ActiveCfg = RelWithDebInfo|x64
		{1081CD2B-DB97-317B-8D52-429A56470A42}.RelWithDebInfo|x64.Build.0 = RelWithDebInfo|x64
		{7AAF7819-A29D-318B-B2E1-6F18AB729768}.Debug|x64.ActiveCfg = Debug|x64
		{7AAF7819-A29D-318B-B2E1-6F18AB729768}.Debug|x64.Build.0 = Debug|x64
		{7AAF7819-A29D-318B-B2E1-6F18AB729768}.Release|x64.ActiveCfg = Release|x64
		{7AAF7819-A29D-318B-B2E1-6F18AB729768}.Release|x64.Build.0 = Release|x64
		{7AAF7819-A29D-318B-B2E1-6F18AB729768}.MinSizeRel|x64.ActiveCfg = MinSizeRel|x64
		{7AAF7819-A29D-318B-B2E1-6F18AB729768}.MinSizeRel|x64.Build.0 = MinSizeRel|x64
		{7AAF7819-A29D-318B-B2E1-6F18AB729768}.RelWithDebInfo|x64.ActiveCfg = RelWithDebInfo|x64
		{7AAF7819-A29D-318B-B2E1-6F18AB729768}.RelWithDebInfo|x64.Build.0 = RelWithDebInfo|x64
		{593E6AEB-8270-34EB-BE39-30C416501B37}.Debug|x64.ActiveCfg = Debug|x64
		{593E6AEB-8270-34EB-BE39-30C416501B37}.Debug|x64.Build.0 = Debug|x64
		{593E6AEB-8270-34EB-BE39-30C416501B37}.Release|x64.ActiveCfg = Release|x64
		{593E6AEB-8270-34EB-BE39-30C416501B37}.Release|x64.Build.0 = Release|x64
		{593E6AEB-8270-34EB-BE39-30C416501B37}.MinSizeRel|x64.ActiveCfg = MinSizeRel|x64
		{593E6AEB-8270-34EB-BE39-30C416501B37}.MinSizeRel|x64.Build.0 = MinSizeRel|x64
		{593E6AEB-8270-34EB-BE39-30C416501B37}.RelWithDebInfo|x64.ActiveCfg = RelWithDebInfo|x64
		{593E6AEB-8270-34EB-BE39-30C416501B37}.RelWithDebInfo|x64.Build.0 = RelWithDebInfo|x64
		{131D1729-1701-31F6-90B8-91E81BB7C966}.Debug|x64.ActiveCfg = Debug|x64
		{131D1729-1701-31F6-90B8-91E81BB7C966}.Debug|x64.Build.0 = Debug|x64
		{131D1729-1701-31F6-90B8-91E81BB7C966}.Release|x64.ActiveCfg = Release|x64
		{131D1729-1701-31F6-90B8-91E81BB7C966}.Release|x64.Build.0 = Release|x64
		{131D1729-1701-31F6-90B8-91E81BB7C966}.MinSizeRel|x64.ActiveCfg = MinSizeRel|x64
		{131D1729-1701-31F6-90B8-91E81BB7C966}.MinSizeRel|x64.Build.0 = MinSizeRel|x64
		{131D1729-1701-31F6-90B8-91E81BB7C966}.RelWithDebInfo|x64.ActiveCfg = RelWithDebInfo|x64
		{131D1729-1701-31F6-90B8-91E81BB7C966}.RelWithDebInfo|x64.Build.0 = RelWithDebInfo|x64
		{16BDF767-F888-3FA2-BD0B-A70E86D3EEEA}.Debug|x64.ActiveCfg = Debug|x64
		{16BDF767-F888-3FA2-BD0B-A70E86D3EEEA}.Debug|x64.Build.0 = Debug|x64
		{16BDF767-F888-3FA2-BD0B-A70E86D3EEEA}.Release|x64.ActiveCfg = Release|x64
		{16BDF767-F888-3FA2-BD0B-A70E86D3EEEA}.Release|x64.Build.0 = Release|x64
		{16BDF767-F888-3FA2-BD0B-A70E86D3EEEA}.MinSizeRel|x64.ActiveCfg = MinSizeRel|x64
		{16BDF767-F888-3FA2-BD0B-A70E86D3EEEA}.MinSizeRel|x64.Build.0 = MinSizeRel|x64
		{16BDF767-F888-3FA2-BD0B-A70E86D3EEEA}.RelWithDebInfo|x64.ActiveCfg = RelWithDebInfo|x64
		{16BDF767-F888-3FA2-BD0B-A70E86D3EEEA}.RelWithDebInfo|x64.Build.0 = RelWithDebInfo|x64
		{DD997F2A-5011-31C0-A160-57D1B969560C}.Debug|x64.ActiveCfg = Debug|x64
		{DD997F2A-5011-31C0-A160-57D1B969560C}.Debug|x64.Build.0 = Debug|x64
		{DD997F2A-5011-31C0-A160-57D1B969560C}.Release|x64.ActiveCfg = Release|x64
		{DD997F2A-5011-31C0-A160-57D1B969560C}.Release|x64.Build.0 = Release|x64
		{DD997F2A-5011-31C0-A160-57D1B969560C}.MinSizeRel|x64.ActiveCfg = MinSizeRel|x64
		{DD997F2A-5011-31C0-A160-57D1B969560C}.MinSizeRel|x64.Build.0 = MinSizeRel|x64
		{DD997F2A-5011-31C0-A160-57D1B969560C}.RelWithDebInfo|x64.ActiveCfg = RelWithDebInfo|x64
		{DD997F2A-5011-31C0-A160-57D1B969560C}.RelWithDebInfo|x64.Build.0 = RelWithDebInfo|x64
		{8B5D4A8B-07EB-3D9A-BD1C-DB61A3E6FE68}.Debug|x64.ActiveCfg = Debug|x64
		{8B5D4A8B-07EB-3D9A-BD1C-DB61A3E6FE68}.Debug|x64.Build.0 = Debug|x64
		{8B5D4A8B-07EB-3D9A-BD1C-DB61A3E6FE68}.Release|x64.ActiveCfg = Release|x64
		{8B5D4A8B-07EB-3D9A-BD1C-DB61A3E6FE68}.Release|x64.Build.0 = Release|x64
		{8B5D4A8B-07EB-3D9A-BD1C-DB61A3E6FE68}.MinSizeRel|x64.ActiveCfg = MinSizeRel|x64
		{8B5D4A8B-07EB-3D9A-BD1C-DB61A3E6FE68}.MinSizeRel|x64.Build.0 = MinSizeRel|x64
		{8B5D4A8B-07EB-3D9A-BD1C-DB61A3E6FE68}.RelWithDebInfo|x64.ActiveCfg = RelWithDebInfo|x64
		{8B5D4A8B-07EB-3D9A-BD1C-DB61A3E6FE68}.RelWithDebInfo|x64.Build.0 = RelWithDebInfo|x64
		{50C67E5D-F9ED-34AF-B25E-6BB8946CE460}.Debug|x64.ActiveCfg = Debug|x64
		{50C67E5D-F9ED-34AF-B25E-6BB8946CE460}.Debug|x64.Build.0 = Debug|x64
		{50C67E5D-F9ED-34AF-B25E-6BB8946CE460}.Release|x64.ActiveCfg = Release|x64
		{50C67E5D-F9ED-34AF-B25E-6BB8946CE460}.Release|x64.Build.0 = Release|x64
		{50C67E5D-F9ED-34AF-B25E-6BB8946CE460}.MinSizeRel|x64.ActiveCfg = MinSizeRel|x64
		{50C67E5D-F9ED-34AF-B25E-6BB8946CE460}.MinSizeRel|x64.Build.0 = MinSizeRel|x64
		{50C67E5D-F9ED-34AF-B25E-6BB8946CE460}.RelWithDebInfo|x64.ActiveCfg = RelWithDebInfo|x64
		{50C67E5D-F9ED-34AF-B25E-6BB8946CE460}.RelWithDebInfo|x64.Build.0 = RelWithDebInfo|x64
		{F9A3AC18-A5A6-3902-B09B-4B62BE568743}.Debug|x64.ActiveCfg = Debug|x64
		{F9A3AC18-A5A6-3902-B09B-4B62BE568743}.Debug|x64.Build.0 = Debug|x64
		{F9A3AC18-A5A6-3902-B09B-4B62BE568743}.Release|x64.ActiveCfg = Release|x64
		{F9A3AC18-A5A6-3902-B09B-4B62BE568743}.Release|x64.Build.0 = Release|x64
		{F9A3AC18-A5A6-3902-B09B-4B62BE568743}.MinSizeRel|x64.ActiveCfg = MinSizeRel|x64
		{F9A3AC18-A5A6-3902-B09B-4B62BE568743}.MinSizeRel|x64.Build.0 = MinSizeRel|x64
		{F9A3AC18-A5A6-3902-B09B-4B62BE568743}.RelWithDebInfo|x64.ActiveCfg = RelWithDebInfo|x64
		{F9A3AC18-A5A6-3902-B09B-4B62BE568743}.RelWithDebInfo|x64.Build.0 = RelWithDebInfo|x64
		{2BFB1C62-A2BA-33D0-8ED2-3164891DFBDD}.Debug|x64.ActiveCfg = Debug|x64
		{2BFB1C62-A2BA-33D0-8ED2-3164891DFBDD}.Debug|x64.Build.0 = Debug|x64
		{2BFB1C62-A2BA-33D0-8ED2-3164891DFBDD}.Release|x64.ActiveCfg = Release|x64
		{2BFB1C62-A2BA-33D0-8ED2-3164891DFBDD}.Release|x64.Build.0 = Release|x64
		{2BFB1C62-A2BA-33D0-8ED2-3164891DFBDD}.MinSizeRel|x64.ActiveCfg = MinSizeRel|x64
		{2BFB1C62-A2BA-33D0-8ED2-3164891DFBDD}.MinSizeRel|x64.Build.0 = MinSizeRel|x64
		{2BFB1C62-A2BA-33D0-8ED2-3164891DFBDD}.RelWithDebInfo|x64.ActiveCfg = RelWithDebInfo|x64
		{2BFB1C62-A2BA-33D0-8ED2-3164891DFBDD}.RelWithDebInfo|x64.Build.0 = RelWithDebInfo|x64
		{F9ACB50D-5F40-3273-B2EC-CE57473552E3}.Debug|x64.ActiveCfg = Debug|x64
		{F9ACB50D-5F40-3273-B2EC-CE57473552E3}.Debug|x64.Build.0 = Debug|x64
		{F9ACB50D-5F40-3273-B2EC-CE57473552E3}.Release|x64.ActiveCfg = Release|x64
		{F9ACB50D-5F40-3273-B2EC-CE57473552E3}.Release|x64.Build.0 = Release|x64
		{F9ACB50D-5F40-3273-B2EC-CE57473552E3}.MinSizeRel|x64.ActiveCfg = MinSizeRel|x64
		{F9ACB50D-5F40-3273-B2EC-CE57473552E3}.MinSizeRel|x64.Build.0 = MinSizeRel|x64
		{F9ACB50D-5F40-3273-B2EC-CE57473552E3}.RelWithDebInfo|x64.ActiveCfg = RelWithDebInfo|x64
		{F9ACB50D-5F40-3273-B2EC-CE57473552E3}.RelWithDebInfo|x64.Build.0 = RelWithDebInfo|x64
		{978529D0-AC65-3CE8-91A6-9652CA01F3A4}.Debug|x64.ActiveCfg = Debug|x64
		{978529D0-AC65-3CE8-91A6-9652CA01F3A4}.Debug|x64.Build.0 = Debug|x64
		{978529D0-AC65-3CE8-91A6-9652CA01F3A4}.Release|x64.ActiveCfg = Release|x64
		{978529D0-AC65-3CE8-91A6-9652CA01F3A4}.Release|x64.Build.0 = Release|x64
		{978529D0-AC65-3CE8-91A6-9652CA01F3A4}.MinSizeRel|x64.ActiveCfg = MinSizeRel|x64
		{978529D0-AC65-3CE8-91A6-9652CA01F3A4}.MinSizeRel|x64.Build.0 = MinSizeRel|x64
		{978529D0-AC65-3CE8-91A6-9652CA01F3A4}.RelWithDebInfo|x64.ActiveCfg = RelWithDebInfo|x64
		{978529D0-AC65-3CE8-91A6-9652CA01F3A4}.RelWithDebInfo|x64.Build.0 = RelWithDebInfo|x64
		{0520FA09-CE2B-3402-B420-3AEC3074336B}.Debug|x64.ActiveCfg = Debug|x64
		{0520FA09-CE2B-3402-B420-3AEC3074336B}.Debug|x64.Build.0 = Debug|x64
		{0520FA09-CE2B-3402-B420-3AEC3074336B}.Release|x64.ActiveCfg = Release|x64
		{0520FA09-CE2B-3402-B420-3AEC3074336B}.Release|x64.Build.0 = Release|x64
		{0520FA09-CE2B-3402-B420-3AEC3074336B}.MinSizeRel|x64.ActiveCfg = MinSizeRel|x64
		{0520FA09-CE2B-3402-B420-3AEC3074336B}.MinSizeRel|x64.Build.0 = MinSizeRel|x64
		{0520FA09-CE2B-3402-B420-3AEC3074336B}.RelWithDebInfo|x64.ActiveCfg = RelWithDebInfo|x64
		{0520FA09-CE2B-3402-B420-3AEC3074336B}.RelWithDebInfo|x64.Build.0 = RelWithDebInfo|x64
		{48386289-DF33-3143-B511-460785D949BB}.Debug|x64.ActiveCfg = Debug|x64
		{48386289-DF33-3143-B511-460785D949BB}.Debug|x64.Build.0 = Debug|x64
		{48386289-DF33-3143-B511-460785D949BB}.Release|x64.ActiveCfg = Release|x64
		{48386289-DF33-3143-B511-460785D949BB}.Release|x64.Build.0 = Release|x64
		{48386289-DF33-3143-B511-460785D949BB}.MinSizeRel|x64.ActiveCfg = MinSizeRel|x64
		{48386289-DF33-3143-B511-460785D949BB}.MinSizeRel|x64.Build.0 = MinSizeRel|x64
		{48386289-DF33-3143-B511-460785D949BB}.RelWithDebInfo|x64.ActiveCfg = RelWithDebInfo|x64
		{48386289-DF33-3143-B511-460785D949BB}.RelWithDebInfo|x64.Build.0 = RelWithDebInfo|x64
		{88DB7495-1F44-3A1B-B8EE-893FFBB79C65}.Debug|x64.ActiveCfg = Debug|x64
		{88DB7495-1F44-3A1B-B8EE-893FFBB79C65}.Release|x64.ActiveCfg = Release|x64
		{88DB7495-1F44-3A1B-B8EE-893FFBB79C65}.MinSizeRel|x64.ActiveCfg = MinSizeRel|x64
		{88DB7495-1F44-3A1B-B8EE-893FFBB79C65}.RelWithDebInfo|x64.ActiveCfg = RelWithDebInfo|x64
		{406A8721-3429-33E7-B5A1-FDF3A492B017}.Debug|x64.ActiveCfg = Debug|x64
		{406A8721-3429-33E7-B5A1-FDF3A492B017}.Debug|x64.Build.0 = Debug|x64
		{406A8721-3429-33E7-B5A1-FDF3A492B017}.Release|x64.ActiveCfg = Release|x64
		{406A8721-3429-33E7-B5A1-FDF3A492B017}.Release|x64.Build.0 = Release|x64
		{406A8721-3429-33E7-B5A1-FDF3A492B017}.MinSizeRel|x64.ActiveCfg = MinSizeRel|x64
		{406A8721-3429-33E7-B5A1-FDF3A492B017}.MinSizeRel|x64.Build.0 = MinSizeRel|x64
		{406A8721-3429-33E7-B5A1-FDF3A492B017}.RelWithDebInfo|x64.ActiveCfg = RelWithDebInfo|x64
		{406A8721-3429-33E7-B5A1-FDF3A492B017}.RelWithDebInfo|x64.Build.0 = RelWithDebInfo|x64
		{5FDB8936-103F-3D6E-A2F6-09465D853D24}.Debug|x64.ActiveCfg = Debug|x64
		{5FDB8936-103F-3D6E-A2F6-09465D853D24}.Debug|x64.Build.0 = Debug|x64
		{5FDB8936-103F-3D6E-A2F6-09465D853D24}.Release|x64.ActiveCfg = Release|x64
		{5FDB8936-103F-3D6E-A2F6-09465D853D24}.Release|x64.Build.0 = Release|x64
		{5FDB8936-103F-3D6E-A2F6-09465D853D24}.MinSizeRel|x64.ActiveCfg = MinSizeRel|x64
		{5FDB8936-103F-3D6E-A2F6-09465D853D24}.MinSizeRel|x64.Build.0 = MinSizeRel|x64
		{5FDB8936-103F-3D6E-A2F6-09465D853D24}.RelWithDebInfo|x64.ActiveCfg = RelWithDebInfo|x64
		{5FDB8936-103F-3D6E-A2F6-09465D853D24}.RelWithDebInfo|x64.Build.0 = RelWithDebInfo|x64
		{ABF5C47F-8F6D-3AF0-9385-0343680ED3D8}.Debug|x64.ActiveCfg = Debug|x64
		{ABF5C47F-8F6D-3AF0-9385-0343680ED3D8}.Debug|x64.Build.0 = Debug|x64
		{ABF5C47F-8F6D-3AF0-9385-0343680ED3D8}.Release|x64.ActiveCfg = Release|x64
		{ABF5C47F-8F6D-3AF0-9385-0343680ED3D8}.Release|x64.Build.0 = Release|x64
		{ABF5C47F-8F6D-3AF0-9385-0343680ED3D8}.MinSizeRel|x64.ActiveCfg = MinSizeRel|x64
		{ABF5C47F-8F6D-3AF0-9385-0343680ED3D8}.MinSizeRel|x64.Build.0 = MinSizeRel|x64
		{ABF5C47F-8F6D-3AF0-9385-0343680ED3D8}.RelWithDebInfo|x64.ActiveCfg = RelWithDebInfo|x64
		{ABF5C47F-8F6D-3AF0-9385-0343680ED3D8}.RelWithDebInfo|x64.Build.0 = RelWithDebInfo|x64
		{1591D911-8E04-3EA7-9DA3-ECF14A2C9388}.Debug|x64.ActiveCfg = Debug|x64
		{1591D911-8E04-3EA7-9DA3-ECF14A2C9388}.Debug|x64.Build.0 = Debug|x64
		{1591D911-8E04-3EA7-9DA3-ECF14A2C9388}.Release|x64.ActiveCfg = Release|x64
		{1591D911-8E04-3EA7-9DA3-ECF14A2C9388}.Release|x64.Build.0 = Release|x64
		{1591D911-8E04-3EA7-9DA3-ECF14A2C9388}.MinSizeRel|x64.ActiveCfg = MinSizeRel|x64
		{1591D911-8E04-3EA7-9DA3-ECF14A2C9388}.MinSizeRel|x64.Build.0 = MinSizeRel|x64
		{1591D911-8E04-3EA7-9DA3-ECF14A2C9388}.RelWithDebInfo|x64.ActiveCfg = RelWithDebInfo|x64
		{1591D911-8E04-3EA7-9DA3-ECF14A2C9388}.RelWithDebInfo|x64.Build.0 = RelWithDebInfo|x64
		{C620CF11-5792-3091-A84C-DE930E4E08FE}.Debug|x64.ActiveCfg = Debug|x64
		{C620CF11-5792-3091-A84C-DE930E4E08FE}.Release|x64.ActiveCfg = Release|x64
		{C620CF11-5792-3091-A84C-DE930E4E08FE}.MinSizeRel|x64.ActiveCfg = MinSizeRel|x64
		{C620CF11-5792-3091-A84C-DE930E4E08FE}.RelWithDebInfo|x64.ActiveCfg = RelWithDebInfo|x64
		{38A64B73-0F13-3411-9AC1-E8A943FFB577}.Debug|x64.ActiveCfg = Debug|x64
		{38A64B73-0F13-3411-9AC1-E8A943FFB577}.Debug|x64.Build.0 = Debug|x64
		{38A64B73-0F13-3411-9AC1-E8A943FFB577}.Release|x64.ActiveCfg = Release|x64
		{38A64B73-0F13-3411-9AC1-E8A943FFB577}.Release|x64.Build.0 = Release|x64
		{38A64B73-0F13-3411-9AC1-E8A943FFB577}.MinSizeRel|x64.ActiveCfg = MinSizeRel|x64
		{38A64B73-0F13-3411-9AC1-E8A943FFB577}.MinSizeRel|x64.Build.0 = MinSizeRel|x64
		{38A64B73-0F13-3411-9AC1-E8A943FFB577}.RelWithDebInfo|x64.ActiveCfg = RelWithDebInfo|x64
		{38A64B73-0F13-3411-9AC1-E8A943FFB577}.RelWithDebInfo|x64.Build.0 = RelWithDebInfo|x64
		{0288621C-C8EA-3D6E-9EE5-FB12B94E62C7}.Debug|x64.ActiveCfg = Debug|x64
		{0288621C-C8EA-3D6E-9EE5-FB12B94E62C7}.Debug|x64.Build.0 = Debug|x64
		{0288621C-C8EA-3D6E-9EE5-FB12B94E62C7}.Release|x64.ActiveCfg = Release|x64
		{0288621C-C8EA-3D6E-9EE5-FB12B94E62C7}.Release|x64.Build.0 = Release|x64
		{0288621C-C8EA-3D6E-9EE5-FB12B94E62C7}.MinSizeRel|x64.ActiveCfg = MinSizeRel|x64
		{0288621C-C8EA-3D6E-9EE5-FB12B94E62C7}.MinSizeRel|x64.Build.0 = MinSizeRel|x64
		{0288621C-C8EA-3D6E-9EE5-FB12B94E62C7}.RelWithDebInfo|x64.ActiveCfg = RelWithDebInfo|x64
		{0288621C-C8EA-3D6E-9EE5-FB12B94E62C7}.RelWithDebInfo|x64.Build.0 = RelWithDebInfo|x64
		{C605031F-E63D-3EF3-89C3-BB7ED3A204D9}.Debug|x64.ActiveCfg = Debug|x64
		{C605031F-E63D-3EF3-89C3-BB7ED3A204D9}.Debug|x64.Build.0 = Debug|x64
		{C605031F-E63D-3EF3-89C3-BB7ED3A204D9}.Release|x64.ActiveCfg = Release|x64
		{C605031F-E63D-3EF3-89C3-BB7ED3A204D9}.Release|x64.Build.0 = Release|x64
		{C605031F-E63D-3EF3-89C3-BB7ED3A204D9}.MinSizeRel|x64.ActiveCfg = MinSizeRel|x64
		{C605031F-E63D-3EF3-89C3-BB7ED3A204D9}.MinSizeRel|x64.Build.0 = MinSizeRel|x64
		{C605031F-E63D-3EF3-89C3-BB7ED3A204D9}.RelWithDebInfo|x64.ActiveCfg = RelWithDebInfo|x64
		{C605031F-E63D-3EF3-89C3-BB7ED3A204D9}.RelWithDebInfo|x64.Build.0 = RelWithDebInfo|x64
		{EF25F87A-BF15-3845-A0F0-91E426896245}.Debug|x64.ActiveCfg = Debug|x64
		{EF25F87A-BF15-3845-A0F0-91E426896245}.Debug|x64.Build.0 = Debug|x64
		{EF25F87A-BF15-3845-A0F0-91E426896245}.Release|x64.ActiveCfg = Release|x64
		{EF25F87A-BF15-3845-A0F0-91E426896245}.Release|x64.Build.0 = Release|x64
		{EF25F87A-BF15-3845-A0F0-91E426896245}.MinSizeRel|x64.ActiveCfg = MinSizeRel|x64
		{EF25F87A-BF15-3845-A0F0-91E426896245}.MinSizeRel|x64.Build.0 = MinSizeRel|x64
		{EF25F87A-BF15-3845-A0F0-91E426896245}.RelWithDebInfo|x64.ActiveCfg = RelWithDebInfo|x64
		{EF25F87A-BF15-3845-A0F0-91E426896245}.RelWithDebInfo|x64.Build.0 = RelWithDebInfo|x64
		{9E76D6C3-CEC8-3FA3-8BC9-66327F01194D}.Debug|x64.ActiveCfg = Debug|x64
		{9E76D6C3-CEC8-3FA3-8BC9-66327F01194D}.Debug|x64.Build.0 = Debug|x64
		{9E76D6C3-CEC8-3FA3-8BC9-66327F01194D}.Release|x64.ActiveCfg = Release|x64
		{9E76D6C3-CEC8-3FA3-8BC9-66327F01194D}.Release|x64.Build.0 = Release|x64
		{9E76D6C3-CEC8-3FA3-8BC9-66327F01194D}.MinSizeRel|x64.ActiveCfg = MinSizeRel|x64
		{9E76D6C3-CEC8-3FA3-8BC9-66327F01194D}.MinSizeRel|x64.Build.0 = MinSizeRel|x64
		{9E76D6C3-CEC8-3FA3-8BC9-66327F01194D}.RelWithDebInfo|x64.ActiveCfg = RelWithDebInfo|x64
		{9E76D6C3-CEC8-3FA3-8BC9-66327F01194D}.RelWithDebInfo|x64.Build.0 = RelWithDebInfo|x64
		{74B3A721-F625-3220-8307-2848A70B7008}.Debug|x64.ActiveCfg = Debug|x64
		{74B3A721-F625-3220-8307-2848A70B7008}.Debug|x64.Build.0 = Debug|x64
		{74B3A721-F625-3220-8307-2848A70B7008}.Release|x64.ActiveCfg = Release|x64
		{74B3A721-F625-3220-8307-2848A70B7008}.Release|x64.Build.0 = Release|x64
		{74B3A721-F625-3220-8307-2848A70B7008}.MinSizeRel|x64.ActiveCfg = MinSizeRel|x64
		{74B3A721-F625-3220-8307-2848A70B7008}.MinSizeRel|x64.Build.0 = MinSizeRel|x64
		{74B3A721-F625-3220-8307-2848A70B7008}.RelWithDebInfo|x64.ActiveCfg = RelWithDebInfo|x64
		{74B3A721-F625-3220-8307-2848A70B7008}.RelWithDebInfo|x64.Build.0 = RelWithDebInfo|x64
	EndGlobalSection
	GlobalSection(ExtensibilityGlobals) = postSolution
		SolutionGuid = {7B296029-0CAE-3398-8FA4-DBC4482B1C54}
	EndGlobalSection
	GlobalSection(ExtensibilityAddIns) = postSolution
	EndGlobalSection
EndGlobal
