<?xml version="1.0" encoding="utf-8"?>
<Project ToolsVersion="14.0" xmlns="http://schemas.microsoft.com/developer/msbuild/2003">
  <ItemGroup>
    <ClCompile Include="D:\tensorflow\tensorflow-r1.8\tensorflow\contrib\cmake\build_release\grpc\src\grpc\src\compiler\node_plugin.cc">
      <Filter>Source Files</Filter>
    </ClCompile>
  </ItemGroup>
  <ItemGroup>
    <CustomBuild Include="D:\tensorflow\tensorflow-r1.8\tensorflow\contrib\cmake\build_release\grpc\src\grpc\CMakeLists.txt" />
  </ItemGroup>
  <ItemGroup>
    <Filter Include="Source Files">
      <UniqueIdentifier>{E222D2DC-1D8A-31D0-8FA1-4B4AFA7187B5}</UniqueIdentifier>
    </Filter>
  </ItemGroup>
</Project>
