<?xml version="1.0" encoding="utf-8"?>
<Project ToolsVersion="14.0" xmlns="http://schemas.microsoft.com/developer/msbuild/2003">
  <ItemGroup>
    <ClCompile Include="D:\tensorflow\tensorflow-r1.8\tensorflow\contrib\cmake\build_release\grpc\src\grpc\gens\src\proto\grpc\status\status.pb.cc">
      <Filter>Source Files</Filter>
    </ClCompile>
    <ClCompile Include="D:\tensorflow\tensorflow-r1.8\tensorflow\contrib\cmake\build_release\grpc\src\grpc\gens\src\proto\grpc\status\status.grpc.pb.cc">
      <Filter>Source Files</Filter>
    </ClCompile>
    <ClCompile Include="D:\tensorflow\tensorflow-r1.8\tensorflow\contrib\cmake\build_release\grpc\src\grpc\src\cpp\util\error_details.cc">
      <Filter>Source Files</Filter>
    </ClCompile>
  </ItemGroup>
  <ItemGroup>
    <ClInclude Include="D:\tensorflow\tensorflow-r1.8\tensorflow\contrib\cmake\build_release\grpc\src\grpc\gens\src\proto\grpc\status\status.pb.h">
      <Filter>Header Files</Filter>
    </ClInclude>
    <ClInclude Include="D:\tensorflow\tensorflow-r1.8\tensorflow\contrib\cmake\build_release\grpc\src\grpc\gens\src\proto\grpc\status\status.grpc.pb.h">
      <Filter>Header Files</Filter>
    </ClInclude>
  </ItemGroup>
  <ItemGroup>
    <CustomBuild Include="D:\tensorflow\tensorflow-r1.8\tensorflow\contrib\cmake\build_release\grpc\src\grpc\CMakeFiles\539246552bcc2ac4a88c949a270d7b55\status.grpc.pb.cc.rule">
      <Filter>CMake Rules</Filter>
    </CustomBuild>
    <CustomBuild Include="D:\tensorflow\tensorflow-r1.8\tensorflow\contrib\cmake\build_release\grpc\src\grpc\CMakeLists.txt" />
  </ItemGroup>
  <ItemGroup>
    <Filter Include="CMake Rules">
      <UniqueIdentifier>{1C246C38-8B52-3332-B735-91BC059417FC}</UniqueIdentifier>
    </Filter>
    <Filter Include="Header Files">
      <UniqueIdentifier>{B5AE80DD-75F0-33DF-997D-744F82CAB8AB}</UniqueIdentifier>
    </Filter>
    <Filter Include="Source Files">
      <UniqueIdentifier>{E222D2DC-1D8A-31D0-8FA1-4B4AFA7187B5}</UniqueIdentifier>
    </Filter>
  </ItemGroup>
</Project>
